// !$*UTF8*$!
{
	archiveVersion = 1;
	classes = {
	};
	objectVersion = 77;
	objects = {

/* Begin PBXBuildFile section */
		0B3FBB28DA143C1FB3DF7345 /* AudioPlayerViewModel.swift in Sources */ = {isa = PBXBuildFile; fileRef = 5ED3F39EF219B1274DB2FF41 /* AudioPlayerViewModel.swift */; };
		0C53EDD6471FBCFD92EF0A34 /* BookReaderView.swift in Sources */ = {isa = PBXBuildFile; fileRef = F83B0D0EE73DF8B805893DF7 /* BookReaderView.swift */; };
		14AEF1DE4888E9C98351BCF9 /* APIClient.swift in Sources */ = {isa = PBXBuildFile; fileRef = 3EAAF06EEF8B9E0E8249751D /* APIClient.swift */; };
		1AA70D5E89617B46A8419098 /* QueueManagerView.swift in Sources */ = {isa = PBXBuildFile; fileRef = 80AE9F84D707A615C44127F7 /* QueueManagerView.swift */; };
		236D122216F6AAB15512ABA3 /* ParkingModels.swift in Sources */ = {isa = PBXBuildFile; fileRef = F7DEF65D4B360E4ABC25C0C9 /* ParkingModels.swift */; };
		26D4681E0EDE10086D2BCF4A /* CortexButton.swift in Sources */ = {isa = PBXBuildFile; fileRef = 78CD85EF1BD771A35F14C89C /* CortexButton.swift */; };
		2A899963AED07A8445E5703B /* ChatViewModel.swift in Sources */ = {isa = PBXBuildFile; fileRef = 9E23243E0835EF5ED9BD3359 /* ChatViewModel.swift */; };
		2BB61DE3C7546B69911E5FE9 /* ChatMessage.swift in Sources */ = {isa = PBXBuildFile; fileRef = C661155392EECFD7C8FFD91F /* ChatMessage.swift */; };
		3489FD309DF6D14BD15F928D /* LocalizationManager.swift in Sources */ = {isa = PBXBuildFile; fileRef = BFBF80FC81E2D91DBBDF21C5 /* LocalizationManager.swift */; };
		3BA4622F6220FC10CFAE9EBE /* CortexApp.swift in Sources */ = {isa = PBXBuildFile; fileRef = 1CA4C088AE8C788FC12A0570 /* CortexApp.swift */; };
		3E27655CE462815D3B36BEB8 /* AudioPlayerView.swift in Sources */ = {isa = PBXBuildFile; fileRef = 41AE182F2BEE415203AC4845 /* AudioPlayerView.swift */; };
		4614FEE7923E9E81911FED7A /* AppState.swift in Sources */ = {isa = PBXBuildFile; fileRef = 6482F2610F536D0EFB06CA0E /* AppState.swift */; };
		50932B988EB107C5FC05AF73 /* MiniPlayerView.swift in Sources */ = {isa = PBXBuildFile; fileRef = 94E2404A52926661BBA5D628 /* MiniPlayerView.swift */; };
		557E949606B2831C1DEE756A /* WebSocketClient.swift in Sources */ = {isa = PBXBuildFile; fileRef = F1BC8BDDCD5F50BC1A7DD9F4 /* WebSocketClient.swift */; };
		5B28CA5C1F78DE1D0F205729 /* FluentView.swift in Sources */ = {isa = PBXBuildFile; fileRef = 3B2A10DF12453ED24A8DB4DB /* FluentView.swift */; };
		62A5C868A7C4B714D148A53F /* CalendarModels.swift in Sources */ = {isa = PBXBuildFile; fileRef = B25F73C991BB890A07E2C1BA /* CalendarModels.swift */; };
		62C5B64627675B805F066017 /* BookFactoryView.swift in Sources */ = {isa = PBXBuildFile; fileRef = E40907EBAB50B66776CEB478 /* BookFactoryView.swift */; };
		6F648384C4236E646C4C5852 /* Localizable.strings in Resources */ = {isa = PBXBuildFile; fileRef = 10673912015A68676B2570C5 /* Localizable.strings */; };
		7635D8FD01370CFDE6D8A8B6 /* BookLibraryView.swift in Sources */ = {isa = PBXBuildFile; fileRef = 2BA370A24CF972056EBC6D67 /* BookLibraryView.swift */; };
		8637F4C969EC6AE58363F0B8 /* HealthModels.swift in Sources */ = {isa = PBXBuildFile; fileRef = 939D04742B01E3BB8CF0B28F /* HealthModels.swift */; };
		8737BE12F1CF8964253F98A5 /* HealthViewModel.swift in Sources */ = {isa = PBXBuildFile; fileRef = 8C6905DD608CDE2E06884B57 /* HealthViewModel.swift */; };
		887B8D3D19011786FF5C417F /* ToolkitHomeView.swift in Sources */ = {isa = PBXBuildFile; fileRef = 71148B1E5E7BF0BECE2DD104 /* ToolkitHomeView.swift */; };
		8EECC563AE1BA1FFB8BF194E /* FluentViewModel.swift in Sources */ = {isa = PBXBuildFile; fileRef = AAAF1DACB4E0FE1C86509974 /* FluentViewModel.swift */; };
		900785CC604E3843918AFDE7 /* BookFactoryAPI.swift in Sources */ = {isa = PBXBuildFile; fileRef = 8BC420BC53FA8526D0C27F71 /* BookFactoryAPI.swift */; };
		9AC9D7BA115EE5BCE798A9B9 /* BookModels.swift in Sources */ = {isa = PBXBuildFile; fileRef = 4A40489B4093DDD5D68689D7 /* BookModels.swift */; };
		A2FB5F2D39DE67B0FDEDAB47 /* BookFactorySettingsView.swift in Sources */ = {isa = PBXBuildFile; fileRef = B7714303519C8CF77E3B2F27 /* BookFactorySettingsView.swift */; };
		A4293AC4E6B07EC208391056 /* CortexCard.swift in Sources */ = {isa = PBXBuildFile; fileRef = E7C3A483BAAF8C4CDB21762A /* CortexCard.swift */; };
		A89664138AD71ECCEE704E58 /* CortexTextField.swift in Sources */ = {isa = PBXBuildFile; fileRef = 9862BE7696E20375F3303F2F /* CortexTextField.swift */; };
		AF5C9D5DFCBD217E4B30A1DA /* WeightLogView.swift in Sources */ = {isa = PBXBuildFile; fileRef = 6D0A9C8E853047FBF5C042C7 /* WeightLogView.swift */; };
		B11607099A10DAB3A3DC3C5D /* SettingsViewModel.swift in Sources */ = {isa = PBXBuildFile; fileRef = 7A0FDECCF04F98F7193DD117 /* SettingsViewModel.swift */; };
		B7AE6A8B8D7F5D276D671F2D /* ParkingViewModel.swift in Sources */ = {isa = PBXBuildFile; fileRef = AF1106AC8B00578E5902FFA5 /* ParkingViewModel.swift */; };
		B9C47BA96830E9090091C83D /* SectionHeader.swift in Sources */ = {isa = PBXBuildFile; fileRef = ADBA4BFA83EE24CF9042C646 /* SectionHeader.swift */; };
		BA44A06D7AFD058C3498F78F /* Theme.swift in Sources */ = {isa = PBXBuildFile; fileRef = BC998A10D8649A6ED3377421 /* Theme.swift */; };
		BB5F54CA74C7A36D47019C29 /* SettingsView.swift in Sources */ = {isa = PBXBuildFile; fileRef = AD566DD0E34A1523F8FE1C7D /* SettingsView.swift */; };
		BED3DF2FEA815566C5890809 /* CalendarPluginView.swift in Sources */ = {isa = PBXBuildFile; fileRef = 9F1211090D1647348328AD82 /* CalendarPluginView.swift */; };
		BFB746F973E4950389253DCF /* MessageBubble.swift in Sources */ = {isa = PBXBuildFile; fileRef = 8DF3A827563DC571D7973D17 /* MessageBubble.swift */; };
		C193954AF2D538B1873B8A17 /* HealthView.swift in Sources */ = {isa = PBXBuildFile; fileRef = 4A94DE88D9EBE632397E029D /* HealthView.swift */; };
		D44956A77F24EBEF9ABD5156 /* Assets.xcassets in Resources */ = {isa = PBXBuildFile; fileRef = F4B3E8903140389CB721FCAB /* Assets.xcassets */; };
		DA2A01A677E2E703EAFE06B5 /* CalendarViewModel.swift in Sources */ = {isa = PBXBuildFile; fileRef = B3E46E1FCEF6933D598D32EE /* CalendarViewModel.swift */; };
		DD31DAFFA1F57A8F4E75BF09 /* TypingIndicator.swift in Sources */ = {isa = PBXBuildFile; fileRef = F6B55373CC7EC458BFE3994C /* TypingIndicator.swift */; };
		E41C935A1E2055BE15D581E5 /* AudioService.swift in Sources */ = {isa = PBXBuildFile; fileRef = 4063ED3E96B52E0BC5653EC7 /* AudioService.swift */; };
		E84FB2B65E4FCBDE757294B0 /* QueueViewModel.swift in Sources */ = {isa = PBXBuildFile; fileRef = 9324A895EBE4FD38A165AB73 /* QueueViewModel.swift */; };
		E87507CE24AA6E02050ACBA6 /* FoodLogView.swift in Sources */ = {isa = PBXBuildFile; fileRef = 7CB7BBD80570E6767193B8BA /* FoodLogView.swift */; };
		E9D60460F4CC5EC2FB474470 /* ChatInputBar.swift in Sources */ = {isa = PBXBuildFile; fileRef = 21E5E3B6B78D3AC8ACD0FE1F /* ChatInputBar.swift */; };
		EAC6CC9F63A139D7C91DBA11 /* ContentView.swift in Sources */ = {isa = PBXBuildFile; fileRef = CF4921C36484C0DA6B5E709A /* ContentView.swift */; };
		ECCF355BFC1980972A28EB99 /* ParkingView.swift in Sources */ = {isa = PBXBuildFile; fileRef = D070902E7342B2BC5505C6FF /* ParkingView.swift */; };
		F82CA01427E14F895FE2E394 /* ChatView.swift in Sources */ = {isa = PBXBuildFile; fileRef = CFD4D8BBC8F4C26B66920F0C /* ChatView.swift */; };
		FFDA07793E41134DCDA77449 /* BookFactoryViewModel.swift in Sources */ = {isa = PBXBuildFile; fileRef = 62192216099D3AAD31C4B847 /* BookFactoryViewModel.swift */; };
/* End PBXBuildFile section */

/* Begin PBXFileReference section */
		1CA4C088AE8C788FC12A0570 /* CortexApp.swift */ = {isa = PBXFileReference; lastKnownFileType = sourcecode.swift; path = CortexApp.swift; sourceTree = "<group>"; };
		21E5E3B6B78D3AC8ACD0FE1F /* ChatInputBar.swift */ = {isa = PBXFileReference; lastKnownFileType = sourcecode.swift; path = ChatInputBar.swift; sourceTree = "<group>"; };
		2BA370A24CF972056EBC6D67 /* BookLibraryView.swift */ = {isa = PBXFileReference; lastKnownFileType = sourcecode.swift; path = BookLibraryView.swift; sourceTree = "<group>"; };
		3B2A10DF12453ED24A8DB4DB /* FluentView.swift */ = {isa = PBXFileReference; lastKnownFileType = sourcecode.swift; path = FluentView.swift; sourceTree = "<group>"; };
		3EAAF06EEF8B9E0E8249751D /* APIClient.swift */ = {isa = PBXFileReference; lastKnownFileType = sourcecode.swift; path = APIClient.swift; sourceTree = "<group>"; };
		4063ED3E96B52E0BC5653EC7 /* AudioService.swift */ = {isa = PBXFileReference; lastKnownFileType = sourcecode.swift; path = AudioService.swift; sourceTree = "<group>"; };
		41AE182F2BEE415203AC4845 /* AudioPlayerView.swift */ = {isa = PBXFileReference; lastKnownFileType = sourcecode.swift; path = AudioPlayerView.swift; sourceTree = "<group>"; };
		4A40489B4093DDD5D68689D7 /* BookModels.swift */ = {isa = PBXFileReference; lastKnownFileType = sourcecode.swift; path = BookModels.swift; sourceTree = "<group>"; };
		4A94DE88D9EBE632397E029D /* HealthView.swift */ = {isa = PBXFileReference; lastKnownFileType = sourcecode.swift; path = HealthView.swift; sourceTree = "<group>"; };
		585A5D3991BEB586CD8201A1 /* zh-Hans */ = {isa = PBXFileReference; lastKnownFileType = text.plist.strings; name = "zh-Hans"; path = "zh-Hans.lproj/Localizable.strings"; sourceTree = "<group>"; };
		5ED3F39EF219B1274DB2FF41 /* AudioPlayerViewModel.swift */ = {isa = PBXFileReference; lastKnownFileType = sourcecode.swift; path = AudioPlayerViewModel.swift; sourceTree = "<group>"; };
		62192216099D3AAD31C4B847 /* BookFactoryViewModel.swift */ = {isa = PBXFileReference; lastKnownFileType = sourcecode.swift; path = BookFactoryViewModel.swift; sourceTree = "<group>"; };
		6482F2610F536D0EFB06CA0E /* AppState.swift */ = {isa = PBXFileReference; lastKnownFileType = sourcecode.swift; path = AppState.swift; sourceTree = "<group>"; };
		6D0A9C8E853047FBF5C042C7 /* WeightLogView.swift */ = {isa = PBXFileReference; lastKnownFileType = sourcecode.swift; path = WeightLogView.swift; sourceTree = "<group>"; };
		71148B1E5E7BF0BECE2DD104 /* ToolkitHomeView.swift */ = {isa = PBXFileReference; lastKnownFileType = sourcecode.swift; path = ToolkitHomeView.swift; sourceTree = "<group>"; };
		78CD85EF1BD771A35F14C89C /* CortexButton.swift */ = {isa = PBXFileReference; lastKnownFileType = sourcecode.swift; path = CortexButton.swift; sourceTree = "<group>"; };
		7A0FDECCF04F98F7193DD117 /* SettingsViewModel.swift */ = {isa = PBXFileReference; lastKnownFileType = sourcecode.swift; path = SettingsViewModel.swift; sourceTree = "<group>"; };
		7CB7BBD80570E6767193B8BA /* FoodLogView.swift */ = {isa = PBXFileReference; lastKnownFileType = sourcecode.swift; path = FoodLogView.swift; sourceTree = "<group>"; };
		80AE9F84D707A615C44127F7 /* QueueManagerView.swift */ = {isa = PBXFileReference; lastKnownFileType = sourcecode.swift; path = QueueManagerView.swift; sourceTree = "<group>"; };
		8BC420BC53FA8526D0C27F71 /* BookFactoryAPI.swift */ = {isa = PBXFileReference; lastKnownFileType = sourcecode.swift; path = BookFactoryAPI.swift; sourceTree = "<group>"; };
		8C6905DD608CDE2E06884B57 /* HealthViewModel.swift */ = {isa = PBXFileReference; lastKnownFileType = sourcecode.swift; path = HealthViewModel.swift; sourceTree = "<group>"; };
		8DF3A827563DC571D7973D17 /* MessageBubble.swift */ = {isa = PBXFileReference; lastKnownFileType = sourcecode.swift; path = MessageBubble.swift; sourceTree = "<group>"; };
		9324A895EBE4FD38A165AB73 /* QueueViewModel.swift */ = {isa = PBXFileReference; lastKnownFileType = sourcecode.swift; path = QueueViewModel.swift; sourceTree = "<group>"; };
		939D04742B01E3BB8CF0B28F /* HealthModels.swift */ = {isa = PBXFileReference; lastKnownFileType = sourcecode.swift; path = HealthModels.swift; sourceTree = "<group>"; };
		94E2404A52926661BBA5D628 /* MiniPlayerView.swift */ = {isa = PBXFileReference; lastKnownFileType = sourcecode.swift; path = MiniPlayerView.swift; sourceTree = "<group>"; };
		9862BE7696E20375F3303F2F /* CortexTextField.swift */ = {isa = PBXFileReference; lastKnownFileType = sourcecode.swift; path = CortexTextField.swift; sourceTree = "<group>"; };
		9E23243E0835EF5ED9BD3359 /* ChatViewModel.swift */ = {isa = PBXFileReference; lastKnownFileType = sourcecode.swift; path = ChatViewModel.swift; sourceTree = "<group>"; };
		9F1211090D1647348328AD82 /* CalendarPluginView.swift */ = {isa = PBXFileReference; lastKnownFileType = sourcecode.swift; path = CalendarPluginView.swift; sourceTree = "<group>"; };
		AAAF1DACB4E0FE1C86509974 /* FluentViewModel.swift */ = {isa = PBXFileReference; lastKnownFileType = sourcecode.swift; path = FluentViewModel.swift; sourceTree = "<group>"; };
		AD566DD0E34A1523F8FE1C7D /* SettingsView.swift */ = {isa = PBXFileReference; lastKnownFileType = sourcecode.swift; path = SettingsView.swift; sourceTree = "<group>"; };
		ADBA4BFA83EE24CF9042C646 /* SectionHeader.swift */ = {isa = PBXFileReference; lastKnownFileType = sourcecode.swift; path = SectionHeader.swift; sourceTree = "<group>"; };
		AF1106AC8B00578E5902FFA5 /* ParkingViewModel.swift */ = {isa = PBXFileReference; lastKnownFileType = sourcecode.swift; path = ParkingViewModel.swift; sourceTree = "<group>"; };
		B25F73C991BB890A07E2C1BA /* CalendarModels.swift */ = {isa = PBXFileReference; lastKnownFileType = sourcecode.swift; path = CalendarModels.swift; sourceTree = "<group>"; };
		B3E46E1FCEF6933D598D32EE /* CalendarViewModel.swift */ = {isa = PBXFileReference; lastKnownFileType = sourcecode.swift; path = CalendarViewModel.swift; sourceTree = "<group>"; };
		B7714303519C8CF77E3B2F27 /* BookFactorySettingsView.swift */ = {isa = PBXFileReference; lastKnownFileType = sourcecode.swift; path = BookFactorySettingsView.swift; sourceTree = "<group>"; };
		BC998A10D8649A6ED3377421 /* Theme.swift */ = {isa = PBXFileReference; lastKnownFileType = sourcecode.swift; path = Theme.swift; sourceTree = "<group>"; };
		BFBF80FC81E2D91DBBDF21C5 /* LocalizationManager.swift */ = {isa = PBXFileReference; lastKnownFileType = sourcecode.swift; path = LocalizationManager.swift; sourceTree = "<group>"; };
		C661155392EECFD7C8FFD91F /* ChatMessage.swift */ = {isa = PBXFileReference; lastKnownFileType = sourcecode.swift; path = ChatMessage.swift; sourceTree = "<group>"; };
		CA12D1B3870108C6409792F1 /* CortexApp.app */ = {isa = PBXFileReference; includeInIndex = 0; lastKnownFileType = wrapper.application; path = CortexApp.app; sourceTree = BUILT_PRODUCTS_DIR; };
		CF4921C36484C0DA6B5E709A /* ContentView.swift */ = {isa = PBXFileReference; lastKnownFileType = sourcecode.swift; path = ContentView.swift; sourceTree = "<group>"; };
		CFD4D8BBC8F4C26B66920F0C /* ChatView.swift */ = {isa = PBXFileReference; lastKnownFileType = sourcecode.swift; path = ChatView.swift; sourceTree = "<group>"; };
		D070902E7342B2BC5505C6FF /* ParkingView.swift */ = {isa = PBXFileReference; lastKnownFileType = sourcecode.swift; path = ParkingView.swift; sourceTree = "<group>"; };
		E40907EBAB50B66776CEB478 /* BookFactoryView.swift */ = {isa = PBXFileReference; lastKnownFileType = sourcecode.swift; path = BookFactoryView.swift; sourceTree = "<group>"; };
		E7C3A483BAAF8C4CDB21762A /* CortexCard.swift */ = {isa = PBXFileReference; lastKnownFileType = sourcecode.swift; path = CortexCard.swift; sourceTree = "<group>"; };
		EEA880778F365DF6AE75876E /* en */ = {isa = PBXFileReference; lastKnownFileType = text.plist.strings; name = en; path = en.lproj/Localizable.strings; sourceTree = "<group>"; };
		F1BC8BDDCD5F50BC1A7DD9F4 /* WebSocketClient.swift */ = {isa = PBXFileReference; lastKnownFileType = sourcecode.swift; path = WebSocketClient.swift; sourceTree = "<group>"; };
		F4B3E8903140389CB721FCAB /* Assets.xcassets */ = {isa = PBXFileReference; lastKnownFileType = folder.assetcatalog; path = Assets.xcassets; sourceTree = "<group>"; };
		F6B55373CC7EC458BFE3994C /* TypingIndicator.swift */ = {isa = PBXFileReference; lastKnownFileType = sourcecode.swift; path = TypingIndicator.swift; sourceTree = "<group>"; };
		F7DEF65D4B360E4ABC25C0C9 /* ParkingModels.swift */ = {isa = PBXFileReference; lastKnownFileType = sourcecode.swift; path = ParkingModels.swift; sourceTree = "<group>"; };
		F83B0D0EE73DF8B805893DF7 /* BookReaderView.swift */ = {isa = PBXFileReference; lastKnownFileType = sourcecode.swift; path = BookReaderView.swift; sourceTree = "<group>"; };
/* End PBXFileReference section */

/* Begin PBXGroup section */
		0D4D8487504BB8C9FACA2FE2 /* Parking */ = {
			isa = PBXGroup;
			children = (
				F7DEF65D4B360E4ABC25C0C9 /* ParkingModels.swift */,
				D070902E7342B2BC5505C6FF /* ParkingView.swift */,
				AF1106AC8B00578E5902FFA5 /* ParkingViewModel.swift */,
			);
			path = Parking;
			sourceTree = "<group>";
		};
		11E4C82D5B8175A17A0B34D6 /* Modules */ = {
			isa = PBXGroup;
			children = (
				FD2C40D3A338EFB603A0799F /* Chat */,
				9D34C5FCEE6E9523C55817C2 /* Settings */,
				260613A8D55CA2158C118240 /* Toolkit */,
			);
			path = Modules;
			sourceTree = "<group>";
		};
		1D1B49904A0D416892C48696 /* Products */ = {
			isa = PBXGroup;
			children = (
				CA12D1B3870108C6409792F1 /* CortexApp.app */,
			);
			name = Products;
			sourceTree = "<group>";
		};
		22BCC1B0D8457F08FC1223D7 /* Networking */ = {
			isa = PBXGroup;
			children = (
				3EAAF06EEF8B9E0E8249751D /* APIClient.swift */,
				F1BC8BDDCD5F50BC1A7DD9F4 /* WebSocketClient.swift */,
			);
			path = Networking;
			sourceTree = "<group>";
		};
		260613A8D55CA2158C118240 /* Toolkit */ = {
			isa = PBXGroup;
			children = (
				71148B1E5E7BF0BECE2DD104 /* ToolkitHomeView.swift */,
				3F6836C1B0B2443D76F94CEA /* BookFactory */,
				436041A20FF941DFFA1DEFEE /* Calendar */,
				F6206CE6C54BE3FBFBE65503 /* Fluent */,
				BE426D2C8AFCFECBF98B562E /* Health */,
				0D4D8487504BB8C9FACA2FE2 /* Parking */,
			);
			path = Toolkit;
			sourceTree = "<group>";
		};
		2ABDE512564ECDCF21D68F83 /* Views */ = {
			isa = PBXGroup;
			children = (
				21E5E3B6B78D3AC8ACD0FE1F /* ChatInputBar.swift */,
				CFD4D8BBC8F4C26B66920F0C /* ChatView.swift */,
				8DF3A827563DC571D7973D17 /* MessageBubble.swift */,
				F6B55373CC7EC458BFE3994C /* TypingIndicator.swift */,
			);
			path = Views;
			sourceTree = "<group>";
		};
		3F6836C1B0B2443D76F94CEA /* BookFactory */ = {
			isa = PBXGroup;
			children = (
				41AE182F2BEE415203AC4845 /* AudioPlayerView.swift */,
				5ED3F39EF219B1274DB2FF41 /* AudioPlayerViewModel.swift */,
				4063ED3E96B52E0BC5653EC7 /* AudioService.swift */,
				8BC420BC53FA8526D0C27F71 /* BookFactoryAPI.swift */,
				B7714303519C8CF77E3B2F27 /* BookFactorySettingsView.swift */,
				E40907EBAB50B66776CEB478 /* BookFactoryView.swift */,
				62192216099D3AAD31C4B847 /* BookFactoryViewModel.swift */,
				2BA370A24CF972056EBC6D67 /* BookLibraryView.swift */,
				4A40489B4093DDD5D68689D7 /* BookModels.swift */,
				F83B0D0EE73DF8B805893DF7 /* BookReaderView.swift */,
				94E2404A52926661BBA5D628 /* MiniPlayerView.swift */,
				80AE9F84D707A615C44127F7 /* QueueManagerView.swift */,
				9324A895EBE4FD38A165AB73 /* QueueViewModel.swift */,
			);
			path = BookFactory;
			sourceTree = "<group>";
		};
		3FAA9C3A8BBD60EC2C6CC69C /* Views */ = {
			isa = PBXGroup;
			children = (
				AD566DD0E34A1523F8FE1C7D /* SettingsView.swift */,
			);
			path = Views;
			sourceTree = "<group>";
		};
		42F7EC37185211EF2F19D26A = {
			isa = PBXGroup;
			children = (
				AE4CEADB326FADEBC16CC91E /* CortexApp */,
				1D1B49904A0D416892C48696 /* Products */,
			);
			sourceTree = "<group>";
		};
		436041A20FF941DFFA1DEFEE /* Calendar */ = {
			isa = PBXGroup;
			children = (
				B25F73C991BB890A07E2C1BA /* CalendarModels.swift */,
				9F1211090D1647348328AD82 /* CalendarPluginView.swift */,
				B3E46E1FCEF6933D598D32EE /* CalendarViewModel.swift */,
			);
			path = Calendar;
			sourceTree = "<group>";
		};
		6A8656FB839C29D94D54E4F5 /* Models */ = {
			isa = PBXGroup;
			children = (
				6482F2610F536D0EFB06CA0E /* AppState.swift */,
			);
			path = Models;
			sourceTree = "<group>";
		};
		8E5314ADB46BDA21AA57651F /* Localization */ = {
			isa = PBXGroup;
			children = (
				10673912015A68676B2570C5 /* Localizable.strings */,
				BFBF80FC81E2D91DBBDF21C5 /* LocalizationManager.swift */,
			);
			path = Localization;
			sourceTree = "<group>";
		};
		96B7BD089347CB623BB26383 /* Design */ = {
			isa = PBXGroup;
			children = (
				BC998A10D8649A6ED3377421 /* Theme.swift */,
				E687C21C75DFAF62A970DB34 /* Components */,
			);
			path = Design;
			sourceTree = "<group>";
		};
		9D34C5FCEE6E9523C55817C2 /* Settings */ = {
			isa = PBXGroup;
			children = (
				AB3C43A164A6ECAA3E47DD02 /* ViewModels */,
				3FAA9C3A8BBD60EC2C6CC69C /* Views */,
			);
			path = Settings;
			sourceTree = "<group>";
		};
		AB3C43A164A6ECAA3E47DD02 /* ViewModels */ = {
			isa = PBXGroup;
			children = (
				7A0FDECCF04F98F7193DD117 /* SettingsViewModel.swift */,
			);
			path = ViewModels;
			sourceTree = "<group>";
		};
		AE4CEADB326FADEBC16CC91E /* CortexApp */ = {
			isa = PBXGroup;
			children = (
				E7402E68D5A8CCF84D61D74D /* App */,
				FDCDD0D25305B72AA904C0F3 /* Core */,
				11E4C82D5B8175A17A0B34D6 /* Modules */,
				F9A7ECE17B05FA01E66830DB /* Resources */,
			);
			path = CortexApp;
			sourceTree = "<group>";
		};
		BE426D2C8AFCFECBF98B562E /* Health */ = {
			isa = PBXGroup;
			children = (
				7CB7BBD80570E6767193B8BA /* FoodLogView.swift */,
				939D04742B01E3BB8CF0B28F /* HealthModels.swift */,
				4A94DE88D9EBE632397E029D /* HealthView.swift */,
				8C6905DD608CDE2E06884B57 /* HealthViewModel.swift */,
				6D0A9C8E853047FBF5C042C7 /* WeightLogView.swift */,
			);
			path = Health;
			sourceTree = "<group>";
		};
		CF4F60F822E20175242FBE1C /* Models */ = {
			isa = PBXGroup;
			children = (
				C661155392EECFD7C8FFD91F /* ChatMessage.swift */,
			);
			path = Models;
			sourceTree = "<group>";
		};
		D4BE0742C83BBEE5D4925549 /* ViewModels */ = {
			isa = PBXGroup;
			children = (
				9E23243E0835EF5ED9BD3359 /* ChatViewModel.swift */,
			);
			path = ViewModels;
			sourceTree = "<group>";
		};
		E687C21C75DFAF62A970DB34 /* Components */ = {
			isa = PBXGroup;
			children = (
				78CD85EF1BD771A35F14C89C /* CortexButton.swift */,
				E7C3A483BAAF8C4CDB21762A /* CortexCard.swift */,
				9862BE7696E20375F3303F2F /* CortexTextField.swift */,
				ADBA4BFA83EE24CF9042C646 /* SectionHeader.swift */,
			);
			path = Components;
			sourceTree = "<group>";
		};
		E7402E68D5A8CCF84D61D74D /* App */ = {
			isa = PBXGroup;
			children = (
				CF4921C36484C0DA6B5E709A /* ContentView.swift */,
				1CA4C088AE8C788FC12A0570 /* CortexApp.swift */,
			);
			path = App;
			sourceTree = "<group>";
		};
		F6206CE6C54BE3FBFBE65503 /* Fluent */ = {
			isa = PBXGroup;
			children = (
				3B2A10DF12453ED24A8DB4DB /* FluentView.swift */,
				AAAF1DACB4E0FE1C86509974 /* FluentViewModel.swift */,
			);
			path = Fluent;
			sourceTree = "<group>";
		};
		F9A7ECE17B05FA01E66830DB /* Resources */ = {
			isa = PBXGroup;
			children = (
				F4B3E8903140389CB721FCAB /* Assets.xcassets */,
			);
			path = Resources;
			sourceTree = "<group>";
		};
		FD2C40D3A338EFB603A0799F /* Chat */ = {
			isa = PBXGroup;
			children = (
				CF4F60F822E20175242FBE1C /* Models */,
				D4BE0742C83BBEE5D4925549 /* ViewModels */,
				2ABDE512564ECDCF21D68F83 /* Views */,
			);
			path = Chat;
			sourceTree = "<group>";
		};
		FDCDD0D25305B72AA904C0F3 /* Core */ = {
			isa = PBXGroup;
			children = (
				96B7BD089347CB623BB26383 /* Design */,
				8E5314ADB46BDA21AA57651F /* Localization */,
				6A8656FB839C29D94D54E4F5 /* Models */,
				22BCC1B0D8457F08FC1223D7 /* Networking */,
			);
			path = Core;
			sourceTree = "<group>";
		};
/* End PBXGroup section */

/* Begin PBXNativeTarget section */
		BEFAD4A3362D361761CDADC3 /* CortexApp */ = {
			isa = PBXNativeTarget;
			buildConfigurationList = 07D8BF9C8DF7506A88344347 /* Build configuration list for PBXNativeTarget "CortexApp" */;
			buildPhases = (
				8B8E27D3A5D703752E76C129 /* Sources */,
				D683D45105D284CED582E458 /* Resources */,
			);
			buildRules = (
			);
			dependencies = (
			);
			name = CortexApp;
			packageProductDependencies = (
			);
			productName = CortexApp;
			productReference = CA12D1B3870108C6409792F1 /* CortexApp.app */;
			productType = "com.apple.product-type.application";
		};
/* End PBXNativeTarget section */

/* Begin PBXProject section */
		09BD99303FD40A02654C9A96 /* Project object */ = {
			isa = PBXProject;
			attributes = {
				BuildIndependentTargetsInParallel = YES;
				LastUpgradeCheck = 1600;
				TargetAttributes = {
					BEFAD4A3362D361761CDADC3 = {
						DevelopmentTeam = "";
					};
				};
			};
			buildConfigurationList = 05BAEA8D70A8F68D4E7A56F2 /* Build configuration list for PBXProject "CortexApp" */;
			compatibilityVersion = "Xcode 14.0";
			developmentRegion = en;
			hasScannedForEncodings = 0;
			knownRegions = (
				Base,
				en,
				"zh-Hans",
			);
			mainGroup = 42F7EC37185211EF2F19D26A;
			minimizedProjectReferenceProxies = 1;
			preferredProjectObjectVersion = 77;
			projectDirPath = "";
			projectRoot = "";
			targets = (
				BEFAD4A3362D361761CDADC3 /* CortexApp */,
			);
		};
/* End PBXProject section */

/* Begin PBXResourcesBuildPhase section */
		D683D45105D284CED582E458 /* Resources */ = {
			isa = PBXResourcesBuildPhase;
			buildActionMask = 2147483647;
			files = (
				D44956A77F24EBEF9ABD5156 /* Assets.xcassets in Resources */,
				6F648384C4236E646C4C5852 /* Localizable.strings in Resources */,
			);
			runOnlyForDeploymentPostprocessing = 0;
		};
/* End PBXResourcesBuildPhase section */

/* Begin PBXSourcesBuildPhase section */
		8B8E27D3A5D703752E76C129 /* Sources */ = {
			isa = PBXSourcesBuildPhase;
			buildActionMask = 2147483647;
			files = (
				14AEF1DE4888E9C98351BCF9 /* APIClient.swift in Sources */,
				4614FEE7923E9E81911FED7A /* AppState.swift in Sources */,
				3E27655CE462815D3B36BEB8 /* AudioPlayerView.swift in Sources */,
				0B3FBB28DA143C1FB3DF7345 /* AudioPlayerViewModel.swift in Sources */,
				E41C935A1E2055BE15D581E5 /* AudioService.swift in Sources */,
				900785CC604E3843918AFDE7 /* BookFactoryAPI.swift in Sources */,
				A2FB5F2D39DE67B0FDEDAB47 /* BookFactorySettingsView.swift in Sources */,
				62C5B64627675B805F066017 /* BookFactoryView.swift in Sources */,
				FFDA07793E41134DCDA77449 /* BookFactoryViewModel.swift in Sources */,
				7635D8FD01370CFDE6D8A8B6 /* BookLibraryView.swift in Sources */,
				9AC9D7BA115EE5BCE798A9B9 /* BookModels.swift in Sources */,
				0C53EDD6471FBCFD92EF0A34 /* BookReaderView.swift in Sources */,
				62A5C868A7C4B714D148A53F /* CalendarModels.swift in Sources */,
				BED3DF2FEA815566C5890809 /* CalendarPluginView.swift in Sources */,
				DA2A01A677E2E703EAFE06B5 /* CalendarViewModel.swift in Sources */,
				E9D60460F4CC5EC2FB474470 /* ChatInputBar.swift in Sources */,
				2BB61DE3C7546B69911E5FE9 /* ChatMessage.swift in Sources */,
				F82CA01427E14F895FE2E394 /* ChatView.swift in Sources */,
				2A899963AED07A8445E5703B /* ChatViewModel.swift in Sources */,
				EAC6CC9F63A139D7C91DBA11 /* ContentView.swift in Sources */,
				3BA4622F6220FC10CFAE9EBE /* CortexApp.swift in Sources */,
				26D4681E0EDE10086D2BCF4A /* CortexButton.swift in Sources */,
				A4293AC4E6B07EC208391056 /* CortexCard.swift in Sources */,
				A89664138AD71ECCEE704E58 /* CortexTextField.swift in Sources */,
				5B28CA5C1F78DE1D0F205729 /* FluentView.swift in Sources */,
				8EECC563AE1BA1FFB8BF194E /* FluentViewModel.swift in Sources */,
				E87507CE24AA6E02050ACBA6 /* FoodLogView.swift in Sources */,
				8637F4C969EC6AE58363F0B8 /* HealthModels.swift in Sources */,
				C193954AF2D538B1873B8A17 /* HealthView.swift in Sources */,
				8737BE12F1CF8964253F98A5 /* HealthViewModel.swift in Sources */,
				3489FD309DF6D14BD15F928D /* LocalizationManager.swift in Sources */,
				BFB746F973E4950389253DCF /* MessageBubble.swift in Sources */,
				50932B988EB107C5FC05AF73 /* MiniPlayerView.swift in Sources */,
				236D122216F6AAB15512ABA3 /* ParkingModels.swift in Sources */,
				ECCF355BFC1980972A28EB99 /* ParkingView.swift in Sources */,
				B7AE6A8B8D7F5D276D671F2D /* ParkingViewModel.swift in Sources */,
				1AA70D5E89617B46A8419098 /* QueueManagerView.swift in Sources */,
				E84FB2B65E4FCBDE757294B0 /* QueueViewModel.swift in Sources */,
				B9C47BA96830E9090091C83D /* SectionHeader.swift in Sources */,
				BB5F54CA74C7A36D47019C29 /* SettingsView.swift in Sources */,
				B11607099A10DAB3A3DC3C5D /* SettingsViewModel.swift in Sources */,
				BA44A06D7AFD058C3498F78F /* Theme.swift in Sources */,
				887B8D3D19011786FF5C417F /* ToolkitHomeView.swift in Sources */,
				DD31DAFFA1F57A8F4E75BF09 /* TypingIndicator.swift in Sources */,
				557E949606B2831C1DEE756A /* WebSocketClient.swift in Sources */,
				AF5C9D5DFCBD217E4B30A1DA /* WeightLogView.swift in Sources */,
			);
			runOnlyForDeploymentPostprocessing = 0;
		};
/* End PBXSourcesBuildPhase section */

/* Begin PBXVariantGroup section */
		10673912015A68676B2570C5 /* Localizable.strings */ = {
			isa = PBXVariantGroup;
			children = (
				EEA880778F365DF6AE75876E /* en */,
				585A5D3991BEB586CD8201A1 /* zh-Hans */,
			);
			name = Localizable.strings;
			sourceTree = "<group>";
		};
/* End PBXVariantGroup section */

/* Begin XCBuildConfiguration section */
		5C2CE57C50AC0BD50FE3F519 /* Release */ = {
			isa = XCBuildConfiguration;
			buildSettings = {
				ASSETCATALOG_COMPILER_APPICON_NAME = AppIcon;
				CODE_SIGNING_ALLOWED = NO;
				CODE_SIGNING_REQUIRED = NO;
				CODE_SIGN_IDENTITY = "";
				GENERATE_INFOPLIST_FILE = YES;
				INFOPLIST_KEY_LSApplicationCategoryType = "public.app-category.productivity";
				INFOPLIST_KEY_UILaunchScreen_Generation = YES;
				INFOPLIST_KEY_UISupportedInterfaceOrientations = UIInterfaceOrientationPortrait;
				LD_RUNPATH_SEARCH_PATHS = (
					"$(inherited)",
					"@executable_path/Frameworks",
				);
				PRODUCT_BUNDLE_IDENTIFIER = com.zwang.cortex.CortexApp;
				SDKROOT = iphoneos;
				TARGETED_DEVICE_FAMILY = "1,2";
			};
			name = Release;
		};
		622E5D2A8E4CAAFA9A05B3F5 /* Debug */ = {
			isa = XCBuildConfiguration;
			buildSettings = {
				ASSETCATALOG_COMPILER_APPICON_NAME = AppIcon;
				CODE_SIGNING_ALLOWED = NO;
				CODE_SIGNING_REQUIRED = NO;
				CODE_SIGN_IDENTITY = "";
				GENERATE_INFOPLIST_FILE = YES;
				INFOPLIST_KEY_LSApplicationCategoryType = "public.app-category.productivity";
				INFOPLIST_KEY_UILaunchScreen_Generation = YES;
				INFOPLIST_KEY_UISupportedInterfaceOrientations = UIInterfaceOrientationPortrait;
				LD_RUNPATH_SEARCH_PATHS = (
					"$(inherited)",
					"@executable_path/Frameworks",
				);
				PRODUCT_BUNDLE_IDENTIFIER = com.zwang.cortex.CortexApp;
				SDKROOT = iphoneos;
				TARGETED_DEVICE_FAMILY = "1,2";
			};
			name = Debug;
		};
		D459E2D32B02ED565BBA1DCE /* Debug */ = {
			isa = XCBuildConfiguration;
			buildSettings = {
				ALWAYS_SEARCH_USER_PATHS = NO;
				CLANG_ANALYZER_NONNULL = YES;
				CLANG_ANALYZER_NUMBER_OBJECT_CONVERSION = YES_AGGRESSIVE;
				CLANG_CXX_LANGUAGE_STANDARD = "gnu++14";
				CLANG_CXX_LIBRARY = "libc++";
				CLANG_ENABLE_MODULES = YES;
				CLANG_ENABLE_OBJC_ARC = YES;
				CLANG_ENABLE_OBJC_WEAK = YES;
				CLANG_WARN_BLOCK_CAPTURE_AUTORELEASING = YES;
				CLANG_WARN_BOOL_CONVERSION = YES;
				CLANG_WARN_COMMA = YES;
				CLANG_WARN_CONSTANT_CONVERSION = YES;
				CLANG_WARN_DEPRECATED_OBJC_IMPLEMENTATIONS = YES;
				CLANG_WARN_DIRECT_OBJC_ISA_USAGE = YES_ERROR;
				CLANG_WARN_DOCUMENTATION_COMMENTS = YES;
				CLANG_WARN_EMPTY_BODY = YES;
				CLANG_WARN_ENUM_CONVERSION = YES;
				CLANG_WARN_INFINITE_RECURSION = YES;
				CLANG_WARN_INT_CONVERSION = YES;
				CLANG_WARN_NON_LITERAL_NULL_CONVERSION = YES;
				CLANG_WARN_OBJC_IMPLICIT_RETAIN_SELF = YES;
				CLANG_WARN_OBJC_LITERAL_CONVERSION = YES;
				CLANG_WARN_OBJC_ROOT_CLASS = YES_ERROR;
				CLANG_WARN_QUOTED_INCLUDE_IN_FRAMEWORK_HEADER = YES;
				CLANG_WARN_RANGE_LOOP_ANALYSIS = YES;
				CLANG_WARN_STRICT_PROTOTYPES = YES;
				CLANG_WARN_SUSPICIOUS_MOVE = YES;
				CLANG_WARN_UNGUARDED_AVAILABILITY = YES_AGGRESSIVE;
				CLANG_WARN_UNREACHABLE_CODE = YES;
				CLANG_WARN__DUPLICATE_METHOD_MATCH = YES;
				CODE_SIGN_IDENTITY = "Apple Development";
				COPY_PHASE_STRIP = NO;
				CURRENT_PROJECT_VERSION = 1;
				DEBUG_INFORMATION_FORMAT = dwarf;
				DEVELOPMENT_TEAM = "";
				ENABLE_STRICT_OBJC_MSGSEND = YES;
				ENABLE_TESTABILITY = YES;
				GCC_C_LANGUAGE_STANDARD = gnu11;
				GCC_DYNAMIC_NO_PIC = NO;
				GCC_NO_COMMON_BLOCKS = YES;
				GCC_OPTIMIZATION_LEVEL = 0;
				GCC_PREPROCESSOR_DEFINITIONS = (
					"$(inherited)",
					"DEBUG=1",
				);
				GCC_WARN_64_TO_32_BIT_CONVERSION = YES;
				GCC_WARN_ABOUT_RETURN_TYPE = YES_ERROR;
				GCC_WARN_UNDECLARED_SELECTOR = YES;
				GCC_WARN_UNINITIALIZED_AUTOS = YES_AGGRESSIVE;
				GCC_WARN_UNUSED_FUNCTION = YES;
				GCC_WARN_UNUSED_VARIABLE = YES;
				INFOPLIST_KEY_CFBundleDisplayName = Cortex;
				IPHONEOS_DEPLOYMENT_TARGET = 17.0;
				MARKETING_VERSION = 1.0.0;
				MTL_ENABLE_DEBUG_INFO = INCLUDE_SOURCE;
				MTL_FAST_MATH = YES;
				ONLY_ACTIVE_ARCH = YES;
				PRODUCT_NAME = "$(TARGET_NAME)";
				SDKROOT = iphoneos;
				SWIFT_ACTIVE_COMPILATION_CONDITIONS = DEBUG;
				SWIFT_OPTIMIZATION_LEVEL = "-Onone";
				SWIFT_VERSION = 5.9;
			};
			name = Debug;
		};
		FB072F9DF48C62698D49AC35 /* Release */ = {
			isa = XCBuildConfiguration;
			buildSettings = {
				ALWAYS_SEARCH_USER_PATHS = NO;
				CLANG_ANALYZER_NONNULL = YES;
				CLANG_ANALYZER_NUMBER_OBJECT_CONVERSION = YES_AGGRESSIVE;
				CLANG_CXX_LANGUAGE_STANDARD = "gnu++14";
				CLANG_CXX_LIBRARY = "libc++";
				CLANG_ENABLE_MODULES = YES;
				CLANG_ENABLE_OBJC_ARC = YES;
				CLANG_ENABLE_OBJC_WEAK = YES;
				CLANG_WARN_BLOCK_CAPTURE_AUTORELEASING = YES;
				CLANG_WARN_BOOL_CONVERSION = YES;
				CLANG_WARN_COMMA = YES;
				CLANG_WARN_CONSTANT_CONVERSION = YES;
				CLANG_WARN_DEPRECATED_OBJC_IMPLEMENTATIONS = YES;
				CLANG_WARN_DIRECT_OBJC_ISA_USAGE = YES_ERROR;
				CLANG_WARN_DOCUMENTATION_COMMENTS = YES;
				CLANG_WARN_EMPTY_BODY = YES;
				CLANG_WARN_ENUM_CONVERSION = YES;
				CLANG_WARN_INFINITE_RECURSION = YES;
				CLANG_WARN_INT_CONVERSION = YES;
				CLANG_WARN_NON_LITERAL_NULL_CONVERSION = YES;
				CLANG_WARN_OBJC_IMPLICIT_RETAIN_SELF = YES;
				CLANG_WARN_OBJC_LITERAL_CONVERSION = YES;
				CLANG_WARN_OBJC_ROOT_CLASS = YES_ERROR;
				CLANG_WARN_QUOTED_INCLUDE_IN_FRAMEWORK_HEADER = YES;
				CLANG_WARN_RANGE_LOOP_ANALYSIS = YES;
				CLANG_WARN_STRICT_PROTOTYPES = YES;
				CLANG_WARN_SUSPICIOUS_MOVE = YES;
				CLANG_WARN_UNGUARDED_AVAILABILITY = YES_AGGRESSIVE;
				CLANG_WARN_UNREACHABLE_CODE = YES;
				CLANG_WARN__DUPLICATE_METHOD_MATCH = YES;
				CODE_SIGN_IDENTITY = "Apple Development";
				COPY_PHASE_STRIP = NO;
				CURRENT_PROJECT_VERSION = 1;
				DEBUG_INFORMATION_FORMAT = "dwarf-with-dsym";
				DEVELOPMENT_TEAM = "";
				ENABLE_NS_ASSERTIONS = NO;
				ENABLE_STRICT_OBJC_MSGSEND = YES;
				GCC_C_LANGUAGE_STANDARD = gnu11;
				GCC_NO_COMMON_BLOCKS = YES;
				GCC_WARN_64_TO_32_BIT_CONVERSION = YES;
				GCC_WARN_ABOUT_RETURN_TYPE = YES_ERROR;
				GCC_WARN_UNDECLARED_SELECTOR = YES;
				GCC_WARN_UNINITIALIZED_AUTOS = YES_AGGRESSIVE;
				GCC_WARN_UNUSED_FUNCTION = YES;
				GCC_WARN_UNUSED_VARIABLE = YES;
				INFOPLIST_KEY_CFBundleDisplayName = Cortex;
				IPHONEOS_DEPLOYMENT_TARGET = 17.0;
				MARKETING_VERSION = 1.0.0;
				MTL_ENABLE_DEBUG_INFO = NO;
				MTL_FAST_MATH = YES;
				PRODUCT_NAME = "$(TARGET_NAME)";
				SDKROOT = iphoneos;
				SWIFT_COMPILATION_MODE = wholemodule;
				SWIFT_OPTIMIZATION_LEVEL = "-O";
				SWIFT_VERSION = 5.9;
			};
			name = Release;
		};
/* End XCBuildConfiguration section */

/* Begin XCConfigurationList section */
		05BAEA8D70A8F68D4E7A56F2 /* Build configuration list for PBXProject "CortexApp" */ = {
			isa = XCConfigurationList;
			buildConfigurations = (
				D459E2D32B02ED565BBA1DCE /* Debug */,
				FB072F9DF48C62698D49AC35 /* Release */,
			);
			defaultConfigurationIsVisible = 0;
			defaultConfigurationName = Debug;
		};
		07D8BF9C8DF7506A88344347 /* Build configuration list for PBXNativeTarget "CortexApp" */ = {
			isa = XCConfigurationList;
			buildConfigurations = (
				622E5D2A8E4CAAFA9A05B3F5 /* Debug */,
				5C2CE57C50AC0BD50FE3F519 /* Release */,
			);
			defaultConfigurationIsVisible = 0;
			defaultConfigurationName = Debug;
		};
/* End XCConfigurationList section */
	};
	rootObject = 09BD99303FD40A02654C9A96 /* Project object */;
}
