// !$*UTF8*$!
{
	archiveVersion = 1;
	classes = {
	};
	objectVersion = 77;
	objects = {

/* Begin PBXBuildFile section */
		008880036391E1E208A2E09D /* AudioPlayerView.swift in Sources */ = {isa = PBXBuildFile; fileRef = 6D81FD1D4462E12FF6BD418D /* AudioPlayerView.swift */; };
		01051157E5469A989BA77432 /* BookReaderView.swift in Sources */ = {isa = PBXBuildFile; fileRef = 7A46AB9A86B2866494F8AD84 /* BookReaderView.swift */; };
		027BB4546D88E95559E54361 /* HydrationTrackerEntrySheet.swift in Sources */ = {isa = PBXBuildFile; fileRef = B5A4E676D29D0F717276E5FD /* HydrationTrackerEntrySheet.swift */; };
		06F99EFD1F4C8539594EEAC1 /* FluentSeedData.swift in Sources */ = {isa = PBXBuildFile; fileRef = AAD61D9A181F72ABF2EED38C /* FluentSeedData.swift */; };
		0725695D8FB1DB40A7F0B666 /* WatchAudioStreamer.swift in Sources */ = {isa = PBXBuildFile; fileRef = 343531AFD479A4518E9BDEE8 /* WatchAudioStreamer.swift */; };
		086B8E3A17F05ECE1E5F2C70 /* MiniPlayerView.swift in Sources */ = {isa = PBXBuildFile; fileRef = C0563D9301CFC9B123A77F6B /* MiniPlayerView.swift */; };
		0A73B12C65A869A49359CBF8 /* MoodJournalRegistration.swift in Sources */ = {isa = PBXBuildFile; fileRef = 81D3F7C68E9D35452E29DAA8 /* MoodJournalRegistration.swift */; };
		0A846F8C053C6E79AE27794B /* HydrationTrackerAnalyticsView.swift in Sources */ = {isa = PBXBuildFile; fileRef = 305E9AA215695CE2917D943A /* HydrationTrackerAnalyticsView.swift */; };
		0B787EC451FE3AEB6F3466D8 /* BookLibraryView.swift in Sources */ = {isa = PBXBuildFile; fileRef = EA43F407F77E3EA89CBB0F10 /* BookLibraryView.swift */; };
		0B959499AB473A28B747583B /* WatchConnectivity.framework in Frameworks */ = {isa = PBXBuildFile; fileRef = E14BBD76FC6EAB15F32CF727 /* WatchConnectivity.framework */; };
		0CB7141E7BEC7A048AEE955E /* HubButton.swift in Sources */ = {isa = PBXBuildFile; fileRef = 1BCFCFAC99A828A1B4933837 /* HubButton.swift */; };
		10CF7B83FD089B1778C6637C /* APIClient.swift in Sources */ = {isa = PBXBuildFile; fileRef = 1E8670F423D769B8AC0EC3A7 /* APIClient.swift */; };
		114301E8E8648B02BE539F2F /* ParkingTests.swift in Sources */ = {isa = PBXBuildFile; fileRef = 5E40972F08206EADAFF0227E /* ParkingTests.swift */; };
		119E211E0CF2B936A89F8A45 /* MoodJournalAnalyticsView.swift in Sources */ = {isa = PBXBuildFile; fileRef = CD1BEF2D304A966AD1DB4E90 /* MoodJournalAnalyticsView.swift */; };
		11F1AD12F9FF55F9A76FE437 /* TimelineEventRow.swift in Sources */ = {isa = PBXBuildFile; fileRef = 88DE304FF10E2E406E4EA68C /* TimelineEventRow.swift */; };
		1277A218CA6C0749FD0E985E /* StreakCounter.swift in Sources */ = {isa = PBXBuildFile; fileRef = 71AB917D48917C7A8C48F467 /* StreakCounter.swift */; };
		13FACF85A9E387D573951F01 /* BookFactoryAPI.swift in Sources */ = {isa = PBXBuildFile; fileRef = A39F147D2BBC1B842E26979E /* BookFactoryAPI.swift */; };
		157A8FEB3C1044B4A8D2C45A /* FluentView.swift in Sources */ = {isa = PBXBuildFile; fileRef = FBB4632AD98A761C6891EDFC /* FluentView.swift */; };
		16EA1F0B26A11A5DF9C5E201 /* BookFactoryViewModel.swift in Sources */ = {isa = PBXBuildFile; fileRef = 1D41DFE1B728042F58D03141 /* BookFactoryViewModel.swift */; };
		17CCD4D77A55B962BFFCE044 /* Narration.swift in Sources */ = {isa = PBXBuildFile; fileRef = F7DAFB29D290BE2390F8CB02 /* Narration.swift */; };
		194ECBCB064E544FE7C478F7 /* ParkingView.swift in Sources */ = {isa = PBXBuildFile; fileRef = 459EF3910E2F8897601D5792 /* ParkingView.swift */; };
		19A40196DB4A648973051BD3 /* FluentVocabularyView.swift in Sources */ = {isa = PBXBuildFile; fileRef = 026DF5BE84A6E963CAEDFCFE /* FluentVocabularyView.swift */; };
		1B7F833C1C817EED819CB44E /* FluentStore.swift in Sources */ = {isa = PBXBuildFile; fileRef = 21DAA3F09BEB33DF0B836FFF /* FluentStore.swift */; };
		1CE896816E79C98434C97347 /* HealthKit.framework in Frameworks */ = {isa = PBXBuildFile; fileRef = 54F5DDF9901F52B04883C031 /* HealthKit.framework */; };
		23706A5019019C0BE0E3E2D1 /* HydrationTrackerViewModel.swift in Sources */ = {isa = PBXBuildFile; fileRef = 29D9E39DA309D5955D256E94 /* HydrationTrackerViewModel.swift */; };
		23A7028770DC5CFB2E22DBA1 /* ChatTests.swift in Sources */ = {isa = PBXBuildFile; fileRef = 6ECC6AFCDE8904CCEAD9EBBE /* ChatTests.swift */; };
		23BE073A7C4A688C55EBC718 /* StatCard.swift in Sources */ = {isa = PBXBuildFile; fileRef = E3538D869E09C062B5D8DBFD /* StatCard.swift */; };
		26463C7B7CDCD1B15AD42709 /* Theme.swift in Sources */ = {isa = PBXBuildFile; fileRef = 33CAB4BF0FA7C79E224110B1 /* Theme.swift */; };
		29BCD5455ECF6F5AD3F865C4 /* MoodJournalViewModel.swift in Sources */ = {isa = PBXBuildFile; fileRef = 6457AE15831AAAA69E717889 /* MoodJournalViewModel.swift */; };
		2B23A45EAEAEEDCF51246BA4 /* CalendarDataProvider.swift in Sources */ = {isa = PBXBuildFile; fileRef = 7472CC1730F9A0F806EABBB4 /* CalendarDataProvider.swift */; };
		2C1574E75E7137D07A26E65C /* HydrationTrackerDashboardView.swift in Sources */ = {isa = PBXBuildFile; fileRef = CAF23D6C066A4D5D48D285C7 /* HydrationTrackerDashboardView.swift */; };
		2DC64949E9D9CDA532DBFB16 /* SwiftTerm in Frameworks */ = {isa = PBXBuildFile; productRef = 05EF287CF861CA9F565EEEFD /* SwiftTerm */; };
		2F12B1E3D1F5BAB4E37AC793 /* AudioService.swift in Sources */ = {isa = PBXBuildFile; fileRef = E0856DD8E6429E9B1179A082 /* AudioService.swift */; };
		3073F84628D8C5AA6D2A4F30 /* DailySummaryView.swift in Sources */ = {isa = PBXBuildFile; fileRef = 8324A0F5B9279548ED9454E9 /* DailySummaryView.swift */; };
		310D3AC1B9B8CF5856A438F8 /* MoodJournalView.swift in Sources */ = {isa = PBXBuildFile; fileRef = 7D99CBD4E1D69BFF756B8B94 /* MoodJournalView.swift */; };
		31A862D3FD2956CDE06E596C /* RyanHubUITestBase.swift in Sources */ = {isa = PBXBuildFile; fileRef = E2B7D92280D24E6039581B5B /* RyanHubUITestBase.swift */; };
		3863910D12EFCFE24D9A5A72 /* BoboSyncService.swift in Sources */ = {isa = PBXBuildFile; fileRef = 3F6ECAD7269E24A080B34009 /* BoboSyncService.swift */; };
		38F5CB5339702AC59E0870D6 /* FSRSEngine.swift in Sources */ = {isa = PBXBuildFile; fileRef = 7E4A5CD0A7843CDB46CDAD37 /* FSRSEngine.swift */; };
		3EDBD73EDECB8C6B20874C04 /* FluentSettingsView.swift in Sources */ = {isa = PBXBuildFile; fileRef = 7BB6AD55A1E11D383B6345C4 /* FluentSettingsView.swift */; };
		40C6530DBEB36CA6844D3A87 /* ParkingDataProvider.swift in Sources */ = {isa = PBXBuildFile; fileRef = B8D7E3DA7975CCD073CD370A /* ParkingDataProvider.swift */; };
		42EDE13EB53D476C3A41B114 /* CrossModuleTests.swift in Sources */ = {isa = PBXBuildFile; fileRef = 5F733B3A7BD2685EB41347E5 /* CrossModuleTests.swift */; };
		45495A43C227B1F69B58AF3E /* Nudge.swift in Sources */ = {isa = PBXBuildFile; fileRef = 0BFFB1A5C595BA779DE3DA94 /* Nudge.swift */; };
		470671EB95D8728E7B02B91F /* CalendarService.swift in Sources */ = {isa = PBXBuildFile; fileRef = A7404F328903542EFA75AD70 /* CalendarService.swift */; };
		481C6A8E608B55D661C90E78 /* ModuleChartView.swift in Sources */ = {isa = PBXBuildFile; fileRef = 6E391B4E4F80BE6888DB5746 /* ModuleChartView.swift */; };
		491F7CF1946ED389B6D04300 /* ToolkitDataProvider.swift in Sources */ = {isa = PBXBuildFile; fileRef = AA78B453B0C88A9BD3EF3437 /* ToolkitDataProvider.swift */; };
		49AD5A6F55F40F7861A6AA18 /* WebSocketClient.swift in Sources */ = {isa = PBXBuildFile; fileRef = 222000EAD2F5A19A79AF51B4 /* WebSocketClient.swift */; };
		49CE9DA00EF5586E0D62E3D1 /* ExpenseTrackerDataProvider.swift in Sources */ = {isa = PBXBuildFile; fileRef = E7BCC4EF4432777820F5E5E3 /* ExpenseTrackerDataProvider.swift */; };
		4C189448A9A367659F13A871 /* CallSensor.swift in Sources */ = {isa = PBXBuildFile; fileRef = E018F68AF71B20F0AA9163FA /* CallSensor.swift */; };
		4D96295338EAC5B7FD4610A7 /* QueueViewModel.swift in Sources */ = {isa = PBXBuildFile; fileRef = 1B9EA9D07E750C36E09F40F8 /* QueueViewModel.swift */; };
		4E03D04048BEB3D5621E4279 /* SettingsViewModel.swift in Sources */ = {isa = PBXBuildFile; fileRef = A69D457FFC342C44FD9AC5A8 /* SettingsViewModel.swift */; };
		4EAACE2A50A15EC7B1858027 /* ExpenseTrackerAnalyticsView.swift in Sources */ = {isa = PBXBuildFile; fileRef = 6D3CD38681A04640B0EFDD92 /* ExpenseTrackerAnalyticsView.swift */; };
		504E97D62446343F63968AA7 /* WeightTimelineChart.swift in Sources */ = {isa = PBXBuildFile; fileRef = CF08A389291EC57C9A1078D4 /* WeightTimelineChart.swift */; };
		50E5E5D05DE1474B47B12F94 /* NarrationRecordButton.swift in Sources */ = {isa = PBXBuildFile; fileRef = 3E87EEBC71B27604296F7A79 /* NarrationRecordButton.swift */; };
		558DE9429893FB50073C6AE7 /* ParkingViewModel.swift in Sources */ = {isa = PBXBuildFile; fileRef = D16D2295813670830D5C718A /* ParkingViewModel.swift */; };
		55ADF84A368DBE5874291137 /* ScreenSensor.swift in Sources */ = {isa = PBXBuildFile; fileRef = DD36A392387C1373ED1B0750 /* ScreenSensor.swift */; };
		591398AB09C6BA271793E0B1 /* HealthSensor.swift in Sources */ = {isa = PBXBuildFile; fileRef = F1075E7E8633CFDBDADF1D04 /* HealthSensor.swift */; };
		5A0AF4334635D100551DDBBE /* BookFactoryDataProvider.swift in Sources */ = {isa = PBXBuildFile; fileRef = 12DF6C8BE46A85B9A8F35721 /* BookFactoryDataProvider.swift */; };
		5DF447B30CF7C0C0A2C305C6 /* CalendarTests.swift in Sources */ = {isa = PBXBuildFile; fileRef = E5AC6E4C1F353A83F301D80A /* CalendarTests.swift */; };
		5E9E114C645A3B1312CD6EE5 /* FoodAnalysisService.swift in Sources */ = {isa = PBXBuildFile; fileRef = 34BC44409C203DC902136BB1 /* FoodAnalysisService.swift */; };
		5EE4ED675A17DC7AC6D9BD92 /* ContentView.swift in Sources */ = {isa = PBXBuildFile; fileRef = D9C923C9AB5D8E6D4D5D079B /* ContentView.swift */; };
		5FD7730168DF713A1D55546E /* CalendarViewModel.swift in Sources */ = {isa = PBXBuildFile; fileRef = 87648D721BF30026B9914553 /* CalendarViewModel.swift */; };
		6073B03F55243B3E6E723E00 /* SwiftTermView.swift in Sources */ = {isa = PBXBuildFile; fileRef = E908A0DA905304B83016364C /* SwiftTermView.swift */; };
		642566A7FCC26D314F64655C /* ExpenseTrackerRegistration.swift in Sources */ = {isa = PBXBuildFile; fileRef = 64D671E8E2D7AFB1BB270375 /* ExpenseTrackerRegistration.swift */; };
		6491ED8C7213D82B5FE1B4AA /* ExpenseTrackerHistoryView.swift in Sources */ = {isa = PBXBuildFile; fileRef = 63D83CFB6CEB05DEA0EC10E8 /* ExpenseTrackerHistoryView.swift */; };
		6681317081E3682162B077D4 /* BoAvatar.swift in Sources */ = {isa = PBXBuildFile; fileRef = B079917098B7360D56F5FFD4 /* BoAvatar.swift */; };
		6AF4F264C091E20D414F281D /* FluentViewModel.swift in Sources */ = {isa = PBXBuildFile; fileRef = F14ECFE406153DFEAD4BB330 /* FluentViewModel.swift */; };
		6B2600B89F4EF677CFB5C70E /* FluentTests.swift in Sources */ = {isa = PBXBuildFile; fileRef = C480D9BFFC94DCB9AD404176 /* FluentTests.swift */; };
		6C72111845C3525692AD3333 /* RyanHubWatchApp.swift in Sources */ = {isa = PBXBuildFile; fileRef = 6619F90A38EB2AE76AD6BF8B /* RyanHubWatchApp.swift */; };
		6EC8F25FB74E5F42BB6FB7FD /* HubCard.swift in Sources */ = {isa = PBXBuildFile; fileRef = 9ED59A92AE6021B648A1D666 /* HubCard.swift */; };
		6ED2A4ECD3FB8023B9F98337 /* BoboView.swift in Sources */ = {isa = PBXBuildFile; fileRef = 81B02F6A093A666AE0A51583 /* BoboView.swift */; };
		74AA9FFE63978B05D1F336DD /* ContentView.swift in Sources */ = {isa = PBXBuildFile; fileRef = B16DCA2295106985F51F2AD4 /* ContentView.swift */; };
		77288B93E50EBEE415E95007 /* CalendarModels.swift in Sources */ = {isa = PBXBuildFile; fileRef = 75BD223A2DD8D357BDBA7F54 /* CalendarModels.swift */; };
		77D9DE2AD930C9B3C86CC4B6 /* MoodJournalDataProvider.swift in Sources */ = {isa = PBXBuildFile; fileRef = EE23B64A4B5F17A16706D85E /* MoodJournalDataProvider.swift */; };
		7A3B8C1BD49A7E4B52E43565 /* HealthDataProvider.swift in Sources */ = {isa = PBXBuildFile; fileRef = A6AC78DD349D07BBC0ABC36A /* HealthDataProvider.swift */; };
		7DC72C2B550DD2CC30DE5D75 /* BookFactoryTests.swift in Sources */ = {isa = PBXBuildFile; fileRef = FDA7223EFC10C281D46964EB /* BookFactoryTests.swift */; };
		7E4C051C9B7868EDDA5AE93B /* BookFactoryView.swift in Sources */ = {isa = PBXBuildFile; fileRef = BB537DF37440FEF82FAEF5D4 /* BookFactoryView.swift */; };
		80B2D53EF1EA8A8AD6E5E5C8 /* HealthKit.framework in Frameworks */ = {isa = PBXBuildFile; fileRef = 54F5DDF9901F52B04883C031 /* HealthKit.framework */; };
		80FE51EF4AE4ECD256426F9E /* Assets.xcassets in Resources */ = {isa = PBXBuildFile; fileRef = 015FC29C471BB9F1ADDE4B45 /* Assets.xcassets */; };
		81C7F3FF8724C5BFCC87C458 /* DynamicModuleRegistry.swift in Sources */ = {isa = PBXBuildFile; fileRef = ACB2018C9E4C38CC9E6DCADB /* DynamicModuleRegistry.swift */; };
		81F1409EBE3971344F74F2F5 /* NIOSSH in Frameworks */ = {isa = PBXBuildFile; productRef = 5B169081B2ADA1F2222DCEC3 /* NIOSSH */; };
		8353967BAD6B00B6286171FC /* AgenticExplorer.swift in Sources */ = {isa = PBXBuildFile; fileRef = 5B48D812DEA834E3D69D19FF /* AgenticExplorer.swift */; };
		85F41B9342763DBF9500FEBD /* BoboDataStore.swift in Sources */ = {isa = PBXBuildFile; fileRef = BA063DC43CB5AA0402BEE985 /* BoboDataStore.swift */; };
		86B6CB0767B60D129B52FB08 /* HydrationTrackerHistoryView.swift in Sources */ = {isa = PBXBuildFile; fileRef = 710370326A49AA60B49048E6 /* HydrationTrackerHistoryView.swift */; };
		87CD4523F1720206F91E3EE8 /* HealthModels.swift in Sources */ = {isa = PBXBuildFile; fileRef = 4AD0CBF73B859088687163F3 /* HealthModels.swift */; };
		885298EF108B3F4524C24DBA /* LocationSensor.swift in Sources */ = {isa = PBXBuildFile; fileRef = C553E08F5FEEC7043B53FB61 /* LocationSensor.swift */; };
		89E13509E7778599B77DA12A /* TerminalTests.swift in Sources */ = {isa = PBXBuildFile; fileRef = B2BD9A50AFEFA22CD60FADBF /* TerminalTests.swift */; };
		8C7237A5CFAEB6F34BB85EE9 /* ParkingModels.swift in Sources */ = {isa = PBXBuildFile; fileRef = 5D5B11EECA4F5D375FAC8DF3 /* ParkingModels.swift */; };
		92BBAE3CC8E7627980533EF9 /* AppState.swift in Sources */ = {isa = PBXBuildFile; fileRef = E8910F5210CD277F57B58223 /* AppState.swift */; };
		9363474FAEDFEE1D454B322E /* BookModels.swift in Sources */ = {isa = PBXBuildFile; fileRef = C4D40B06DEE0FABF0F9F66E6 /* BookModels.swift */; };
		98117DDA29248965C0C524EC /* PersonalContext.swift in Sources */ = {isa = PBXBuildFile; fileRef = 84686D528D7CC4E2483C1304 /* PersonalContext.swift */; };
		987F8A1F132F7E412EEDE3AA /* DynamicModuleBootstrap.swift in Sources */ = {isa = PBXBuildFile; fileRef = 3DE0FA10CF68A3ADDA93E3D3 /* DynamicModuleBootstrap.swift */; };
		98B81A155F9E70956CDA31BA /* RyanHubApp.swift in Sources */ = {isa = PBXBuildFile; fileRef = AD94D3E0824640F6802F86A4 /* RyanHubApp.swift */; };
		990DCC48DBBAAC7D99FE697E /* NotificationManager.swift in Sources */ = {isa = PBXBuildFile; fileRef = 6FCA5345EBFCEA0EABD94A0C /* NotificationManager.swift */; };
		9B29E9DB360C46079347F14F /* HydrationTrackerModels.swift in Sources */ = {isa = PBXBuildFile; fileRef = 3D4F5DFD508B8E17C8D87D9E /* HydrationTrackerModels.swift */; };
		9C8BE518FE72BA5BF22578C8 /* PhotoLibrarySensor.swift in Sources */ = {isa = PBXBuildFile; fileRef = 1E39E5954FFE3AB171463540 /* PhotoLibrarySensor.swift */; };
		9F010855B1B3ECEA2AFEE416 /* HealthView.swift in Sources */ = {isa = PBXBuildFile; fileRef = D06AEB0354C4C85106A24AE1 /* HealthView.swift */; };
		A0B382F74C5E1DDBE5B6CF90 /* MoodJournalDashboardView.swift in Sources */ = {isa = PBXBuildFile; fileRef = F014532D0D4E1436B23ECB17 /* MoodJournalDashboardView.swift */; };
		A2095E12C715C6D6CA0C5B5E /* MoodJournalHistoryView.swift in Sources */ = {isa = PBXBuildFile; fileRef = 959C9B0F5AA70C10D4D8A363 /* MoodJournalHistoryView.swift */; };
		A3288EDE57F45ED0AE34DC8F /* HydrationTrackerView.swift in Sources */ = {isa = PBXBuildFile; fileRef = 6FB57A8CC78D01FB313D2637 /* HydrationTrackerView.swift */; };
		A40E6627B20377EDD61A4772 /* CameraView.swift in Sources */ = {isa = PBXBuildFile; fileRef = 78CFF4214607AFA100F868C3 /* CameraView.swift */; };
		A440D502E05A68D109AF8BC9 /* HubTextField.swift in Sources */ = {isa = PBXBuildFile; fileRef = E65564252C7D5721D9784435 /* HubTextField.swift */; };
		A67D87D9ECA15A068F404093 /* SSHConnection.swift in Sources */ = {isa = PBXBuildFile; fileRef = 451A5D81323FC8ABDC20C701 /* SSHConnection.swift */; };
		AB3C20EDEFED295D54AD7F52 /* ToolkitTests.swift in Sources */ = {isa = PBXBuildFile; fileRef = A0D1D7BFF0973ACC109D2297 /* ToolkitTests.swift */; };
		AC7FE87050DFD60168C3629C /* BoboDataProvider.swift in Sources */ = {isa = PBXBuildFile; fileRef = FFD7A7D51DF4CC4913F26E5E /* BoboDataProvider.swift */; };
		AC926C15910B628851A926E3 /* SensingEvent.swift in Sources */ = {isa = PBXBuildFile; fileRef = 327B76A77F58B8E695E0A660 /* SensingEvent.swift */; };
		B0D17474723879F1CB8BF49A /* QuickEntrySheet.swift in Sources */ = {isa = PBXBuildFile; fileRef = 3721CBB7D9D29D90B195F009 /* QuickEntrySheet.swift */; };
		B3CB4EA04A8ED2E6B0F445EE /* ChatView.swift in Sources */ = {isa = PBXBuildFile; fileRef = 925B470E17A407A342F947A5 /* ChatView.swift */; };
		B3DA11875470725BE119C406 /* ChatViewModel.swift in Sources */ = {isa = PBXBuildFile; fileRef = 16AA3B6CD78A2A3E597642C3 /* ChatViewModel.swift */; };
		B4398C5033AC401E4D7F1BA0 /* WatchConnectivity.framework in Frameworks */ = {isa = PBXBuildFile; fileRef = E14BBD76FC6EAB15F32CF727 /* WatchConnectivity.framework */; };
		B5C925AB99A9F237B1002FDF /* TabNavigationTests.swift in Sources */ = {isa = PBXBuildFile; fileRef = E58926E0B8755BD153826FD8 /* TabNavigationTests.swift */; };
		B6989682EC1AC53E552E4517 /* SettingsView.swift in Sources */ = {isa = PBXBuildFile; fileRef = 6D083DD2A5B38D1F4C3A9A64 /* SettingsView.swift */; };
		BA5E9DBEC50AEB69338AE61B /* AudioStreamSensor.swift in Sources */ = {isa = PBXBuildFile; fileRef = 77A2DF799AA2C183954422AA /* AudioStreamSensor.swift */; };
		BA8C6A0DFCBCF4F103F76329 /* Assets.xcassets in Resources */ = {isa = PBXBuildFile; fileRef = D720AA4B2C547EB4CD326ABC /* Assets.xcassets */; };
		BA8D417172B67DF5CFA7834D /* FacaiAvatar.swift in Sources */ = {isa = PBXBuildFile; fileRef = 5A0EFB9011850B100C47479A /* FacaiAvatar.swift */; };
		BC1701F119FFEAD1DCD870DD /* HealthTests.swift in Sources */ = {isa = PBXBuildFile; fileRef = 7F9E5F6E83F4DF6A3364CE3E /* HealthTests.swift */; };
		BC80C5A3BEE79FA4040EA59E /* SettingsTests.swift in Sources */ = {isa = PBXBuildFile; fileRef = 5D007D7410A51D7175402589 /* SettingsTests.swift */; };
		BD100B6110735DA563B36EF1 /* CalendarPluginView.swift in Sources */ = {isa = PBXBuildFile; fileRef = 67A6E494EFD12F06C3C783F1 /* CalendarPluginView.swift */; };
		BDE1665508A5EDD8389678AD /* ExpenseTrackerModels.swift in Sources */ = {isa = PBXBuildFile; fileRef = 9A77A60ABD546DA205C43BE3 /* ExpenseTrackerModels.swift */; };
		BE1CAEA7FA6BE10375BA9A1D /* ProgressRingView.swift in Sources */ = {isa = PBXBuildFile; fileRef = ADBE11AC8E35CE4F46605C73 /* ProgressRingView.swift */; };
		C06E068945F5F0F75EC3D1D2 /* ExpenseTrackerView.swift in Sources */ = {isa = PBXBuildFile; fileRef = C8A849259BEE61F3158D63EB /* ExpenseTrackerView.swift */; };
		C5DBB468111E8AACD01EE10B /* HealthViewModel.swift in Sources */ = {isa = PBXBuildFile; fileRef = 0ECA4BEE320B57F9B1EBD6EF /* HealthViewModel.swift */; };
		C8292341348434E9B722D7F2 /* MessageBubble.swift in Sources */ = {isa = PBXBuildFile; fileRef = E2C14B8742D7D4759E188351 /* MessageBubble.swift */; };
		C8820059845B61126DFFF9BC /* FluentModels.swift in Sources */ = {isa = PBXBuildFile; fileRef = 5A8BAE87477C77371E777370 /* FluentModels.swift */; };
		CACAAC73720212D53EBB98DA /* TypingIndicator.swift in Sources */ = {isa = PBXBuildFile; fileRef = D95AF3A0C5EE080C5A0E90DB /* TypingIndicator.swift */; };
		CAEA0EB2B4B7BD23D8C7312A /* SensingEngine.swift in Sources */ = {isa = PBXBuildFile; fileRef = 46382D54977CE607CFFB639A /* SensingEngine.swift */; };
		CE72879730A717D25B139FA7 /* ExpenseTrackerViewModel.swift in Sources */ = {isa = PBXBuildFile; fileRef = 77675CAFB66B4E56D338198F /* ExpenseTrackerViewModel.swift */; };
		CEE8C73789C4BC2D2E2AB9B2 /* CalendarHeatmap.swift in Sources */ = {isa = PBXBuildFile; fileRef = B1CF03B1A12C982E0FD98595 /* CalendarHeatmap.swift */; };
		D4804D9D813EA5CBFF017A5B /* HydrationTrackerRegistration.swift in Sources */ = {isa = PBXBuildFile; fileRef = 54F31246CAD122C683123BED /* HydrationTrackerRegistration.swift */; };
		D4A8A7E86F34F94DF6F28D2E /* WeightLogView.swift in Sources */ = {isa = PBXBuildFile; fileRef = 45981F3DD312C51871008ACC /* WeightLogView.swift */; };
		D4F06F087FFFDCB4F7D43260 /* FluentDataProvider.swift in Sources */ = {isa = PBXBuildFile; fileRef = 81F0DF5E5DEFA8CD0DCB2B5D /* FluentDataProvider.swift */; };
		D91D52956D58B3696D41FEFB /* BatterySensor.swift in Sources */ = {isa = PBXBuildFile; fileRef = 5E978BD1BB5EA355B1D42A9A /* BatterySensor.swift */; };
		DA60F079DE2FE8E0171166C4 /* BoboViewModel.swift in Sources */ = {isa = PBXBuildFile; fileRef = 10CCB714953A5915382AFF19 /* BoboViewModel.swift */; };
		DDD1EBBC0D0A37DE88DA44AB /* BookFactorySettingsView.swift in Sources */ = {isa = PBXBuildFile; fileRef = 2E068490AE36E663E37FB013 /* BookFactorySettingsView.swift */; };
		E08BA7D6AB8FEA99B9E8CF5D /* LocalizationManager.swift in Sources */ = {isa = PBXBuildFile; fileRef = F4E8144CB5135172B2DC2F7E /* LocalizationManager.swift */; };
		E0C2A1CBFBF6FE603A49D3B0 /* MoodJournalEntrySheet.swift in Sources */ = {isa = PBXBuildFile; fileRef = B1CC71D3AB52758AAD419B1A /* MoodJournalEntrySheet.swift */; };
		E25740A8FD7B2F4D8C9FA154 /* HydrationTrackerDataProvider.swift in Sources */ = {isa = PBXBuildFile; fileRef = 7C0A050EB8D09A66EB58B205 /* HydrationTrackerDataProvider.swift */; };
		E6B383A34C266240B795CAC3 /* ChatMessage.swift in Sources */ = {isa = PBXBuildFile; fileRef = CD86AE08D1796BF465BC38E2 /* ChatMessage.swift */; };
		E7E291D4BE573049A202E9BA /* ToolkitHomeView.swift in Sources */ = {isa = PBXBuildFile; fileRef = 7C96E54E2891BD4600075855 /* ToolkitHomeView.swift */; };
		E811483B78FC96273A01D8C1 /* WiFiSensor.swift in Sources */ = {isa = PBXBuildFile; fileRef = 626C493A05270563EED2FD02 /* WiFiSensor.swift */; };
		E8118E935475B47A7822A814 /* TerminalViewModel.swift in Sources */ = {isa = PBXBuildFile; fileRef = BD7704742E67AD44D943A435 /* TerminalViewModel.swift */; };
		E88867AC68FF45A6A6A139D4 /* AudioPlayerViewModel.swift in Sources */ = {isa = PBXBuildFile; fileRef = 80B7A5ED5723E5600FD94677 /* AudioPlayerViewModel.swift */; };
		E8AD02FB3970CA2DBEB7449E /* InsightCard.swift in Sources */ = {isa = PBXBuildFile; fileRef = C29E8E664FA33720222A20C7 /* InsightCard.swift */; };
		E8C577056653D2EF8F96A30D /* FluentVocabularyDetailView.swift in Sources */ = {isa = PBXBuildFile; fileRef = 2D6087AA32C74C9457AD7687 /* FluentVocabularyDetailView.swift */; };
		E9544173000F3EA84613FAF2 /* ChatInputBar.swift in Sources */ = {isa = PBXBuildFile; fileRef = C079DC0CA6EA286023C68D24 /* ChatInputBar.swift */; };
		EE5CAB7CCA119F4AA757EFC0 /* ExpenseTrackerDashboardView.swift in Sources */ = {isa = PBXBuildFile; fileRef = EE378B06FBA06FA6063E2709 /* ExpenseTrackerDashboardView.swift */; };
		EEABA9A1DDBF6F9612295792 /* TerminalView.swift in Sources */ = {isa = PBXBuildFile; fileRef = 645114CF479B9006F7C2B90F /* TerminalView.swift */; };
		EF6C5F683B6326CD4274F78A /* MoodJournalModels.swift in Sources */ = {isa = PBXBuildFile; fileRef = B1DE76276F3B43F6AFC69D20 /* MoodJournalModels.swift */; };
		EFA4E510EB23E1D04D758FD1 /* AccessibilityID.swift in Sources */ = {isa = PBXBuildFile; fileRef = FED78D1EEEF5E019B862807A /* AccessibilityID.swift */; };
		F1698707251EEDC8F9FAD821 /* WatchSessionManager.swift in Sources */ = {isa = PBXBuildFile; fileRef = 939BDEB9FD6D6252F75828A0 /* WatchSessionManager.swift */; };
		F336238395BFA892A3ACD299 /* FluentReviewView.swift in Sources */ = {isa = PBXBuildFile; fileRef = 2E5DFE94BFC993641FAAE8FB /* FluentReviewView.swift */; };
		F3B8AD781184D0FC53CC890B /* ExpenseTrackerEntrySheet.swift in Sources */ = {isa = PBXBuildFile; fileRef = A082EB00B69059F019598C79 /* ExpenseTrackerEntrySheet.swift */; };
		F44DF37E2E4D1C5BD5A73F73 /* Localizable.strings in Resources */ = {isa = PBXBuildFile; fileRef = 335BA591A35FB41B6FD8EEC1 /* Localizable.strings */; };
		F69C522701B2FFBE3A78C36A /* SectionHeader.swift in Sources */ = {isa = PBXBuildFile; fileRef = 9AE49953418A97242254CFD7 /* SectionHeader.swift */; };
		F8D8E97DE66120A10A1D9EE1 /* QueueManagerView.swift in Sources */ = {isa = PBXBuildFile; fileRef = DF2B5DB752ACC5184B6FC043 /* QueueManagerView.swift */; };
		FDEDEB3A4213E03315353DC0 /* BluetoothSensor.swift in Sources */ = {isa = PBXBuildFile; fileRef = E2B166C45725E73862D1701E /* BluetoothSensor.swift */; };
		FF09CB703DE91B7A7ABCD7B0 /* MotionSensor.swift in Sources */ = {isa = PBXBuildFile; fileRef = 9478E5D175A24597C31A8C9F /* MotionSensor.swift */; };
/* End PBXBuildFile section */

/* Begin PBXContainerItemProxy section */
		BD17C18DB3D8A71DF084BF6A /* PBXContainerItemProxy */ = {
			isa = PBXContainerItemProxy;
			containerPortal = 752FE972FFC3AE333778E61F /* Project object */;
			proxyType = 1;
			remoteGlobalIDString = 831AF517FB59A793FDC8C642;
			remoteInfo = RyanHub;
		};
/* End PBXContainerItemProxy section */

/* Begin PBXFileReference section */
		015FC29C471BB9F1ADDE4B45 /* Assets.xcassets */ = {isa = PBXFileReference; lastKnownFileType = folder.assetcatalog; path = Assets.xcassets; sourceTree = "<group>"; };
		026DF5BE84A6E963CAEDFCFE /* FluentVocabularyView.swift */ = {isa = PBXFileReference; lastKnownFileType = sourcecode.swift; path = FluentVocabularyView.swift; sourceTree = "<group>"; };
		0BFFB1A5C595BA779DE3DA94 /* Nudge.swift */ = {isa = PBXFileReference; lastKnownFileType = sourcecode.swift; path = Nudge.swift; sourceTree = "<group>"; };
		0ECA4BEE320B57F9B1EBD6EF /* HealthViewModel.swift */ = {isa = PBXFileReference; lastKnownFileType = sourcecode.swift; path = HealthViewModel.swift; sourceTree = "<group>"; };
		10CCB714953A5915382AFF19 /* BoboViewModel.swift */ = {isa = PBXFileReference; lastKnownFileType = sourcecode.swift; path = BoboViewModel.swift; sourceTree = "<group>"; };
		12DF6C8BE46A85B9A8F35721 /* BookFactoryDataProvider.swift */ = {isa = PBXFileReference; lastKnownFileType = sourcecode.swift; path = BookFactoryDataProvider.swift; sourceTree = "<group>"; };
		16AA3B6CD78A2A3E597642C3 /* ChatViewModel.swift */ = {isa = PBXFileReference; lastKnownFileType = sourcecode.swift; path = ChatViewModel.swift; sourceTree = "<group>"; };
		1B9EA9D07E750C36E09F40F8 /* QueueViewModel.swift */ = {isa = PBXFileReference; lastKnownFileType = sourcecode.swift; path = QueueViewModel.swift; sourceTree = "<group>"; };
		1BCFCFAC99A828A1B4933837 /* HubButton.swift */ = {isa = PBXFileReference; lastKnownFileType = sourcecode.swift; path = HubButton.swift; sourceTree = "<group>"; };
		1D41DFE1B728042F58D03141 /* BookFactoryViewModel.swift */ = {isa = PBXFileReference; lastKnownFileType = sourcecode.swift; path = BookFactoryViewModel.swift; sourceTree = "<group>"; };
		1E39E5954FFE3AB171463540 /* PhotoLibrarySensor.swift */ = {isa = PBXFileReference; lastKnownFileType = sourcecode.swift; path = PhotoLibrarySensor.swift; sourceTree = "<group>"; };
		1E8670F423D769B8AC0EC3A7 /* APIClient.swift */ = {isa = PBXFileReference; lastKnownFileType = sourcecode.swift; path = APIClient.swift; sourceTree = "<group>"; };
		21DAA3F09BEB33DF0B836FFF /* FluentStore.swift */ = {isa = PBXFileReference; lastKnownFileType = sourcecode.swift; path = FluentStore.swift; sourceTree = "<group>"; };
		222000EAD2F5A19A79AF51B4 /* WebSocketClient.swift */ = {isa = PBXFileReference; lastKnownFileType = sourcecode.swift; path = WebSocketClient.swift; sourceTree = "<group>"; };
		29D9E39DA309D5955D256E94 /* HydrationTrackerViewModel.swift */ = {isa = PBXFileReference; lastKnownFileType = sourcecode.swift; path = HydrationTrackerViewModel.swift; sourceTree = "<group>"; };
		2D6087AA32C74C9457AD7687 /* FluentVocabularyDetailView.swift */ = {isa = PBXFileReference; lastKnownFileType = sourcecode.swift; path = FluentVocabularyDetailView.swift; sourceTree = "<group>"; };
		2E068490AE36E663E37FB013 /* BookFactorySettingsView.swift */ = {isa = PBXFileReference; lastKnownFileType = sourcecode.swift; path = BookFactorySettingsView.swift; sourceTree = "<group>"; };
		2E5DFE94BFC993641FAAE8FB /* FluentReviewView.swift */ = {isa = PBXFileReference; lastKnownFileType = sourcecode.swift; path = FluentReviewView.swift; sourceTree = "<group>"; };
		305E9AA215695CE2917D943A /* HydrationTrackerAnalyticsView.swift */ = {isa = PBXFileReference; lastKnownFileType = sourcecode.swift; path = HydrationTrackerAnalyticsView.swift; sourceTree = "<group>"; };
		327B76A77F58B8E695E0A660 /* SensingEvent.swift */ = {isa = PBXFileReference; lastKnownFileType = sourcecode.swift; path = SensingEvent.swift; sourceTree = "<group>"; };
		33CAB4BF0FA7C79E224110B1 /* Theme.swift */ = {isa = PBXFileReference; lastKnownFileType = sourcecode.swift; path = Theme.swift; sourceTree = "<group>"; };
		343531AFD479A4518E9BDEE8 /* WatchAudioStreamer.swift */ = {isa = PBXFileReference; lastKnownFileType = sourcecode.swift; path = WatchAudioStreamer.swift; sourceTree = "<group>"; };
		34BC44409C203DC902136BB1 /* FoodAnalysisService.swift */ = {isa = PBXFileReference; lastKnownFileType = sourcecode.swift; path = FoodAnalysisService.swift; sourceTree = "<group>"; };
		3721CBB7D9D29D90B195F009 /* QuickEntrySheet.swift */ = {isa = PBXFileReference; lastKnownFileType = sourcecode.swift; path = QuickEntrySheet.swift; sourceTree = "<group>"; };
		3D4F5DFD508B8E17C8D87D9E /* HydrationTrackerModels.swift */ = {isa = PBXFileReference; lastKnownFileType = sourcecode.swift; path = HydrationTrackerModels.swift; sourceTree = "<group>"; };
		3DE0FA10CF68A3ADDA93E3D3 /* DynamicModuleBootstrap.swift */ = {isa = PBXFileReference; lastKnownFileType = sourcecode.swift; path = DynamicModuleBootstrap.swift; sourceTree = "<group>"; };
		3E87EEBC71B27604296F7A79 /* NarrationRecordButton.swift */ = {isa = PBXFileReference; lastKnownFileType = sourcecode.swift; path = NarrationRecordButton.swift; sourceTree = "<group>"; };
		3F6ECAD7269E24A080B34009 /* BoboSyncService.swift */ = {isa = PBXFileReference; lastKnownFileType = sourcecode.swift; path = BoboSyncService.swift; sourceTree = "<group>"; };
		40AF5503D8AC6CA39325404E /* RyanHubWatch.entitlements */ = {isa = PBXFileReference; lastKnownFileType = text.plist.entitlements; path = RyanHubWatch.entitlements; sourceTree = "<group>"; };
		451A5D81323FC8ABDC20C701 /* SSHConnection.swift */ = {isa = PBXFileReference; lastKnownFileType = sourcecode.swift; path = SSHConnection.swift; sourceTree = "<group>"; };
		45981F3DD312C51871008ACC /* WeightLogView.swift */ = {isa = PBXFileReference; lastKnownFileType = sourcecode.swift; path = WeightLogView.swift; sourceTree = "<group>"; };
		459EF3910E2F8897601D5792 /* ParkingView.swift */ = {isa = PBXFileReference; lastKnownFileType = sourcecode.swift; path = ParkingView.swift; sourceTree = "<group>"; };
		46382D54977CE607CFFB639A /* SensingEngine.swift */ = {isa = PBXFileReference; lastKnownFileType = sourcecode.swift; path = SensingEngine.swift; sourceTree = "<group>"; };
		4AD0CBF73B859088687163F3 /* HealthModels.swift */ = {isa = PBXFileReference; lastKnownFileType = sourcecode.swift; path = HealthModels.swift; sourceTree = "<group>"; };
		544DEFE89CD15A88D94AFAA8 /* RyanHubUITests.xctest */ = {isa = PBXFileReference; includeInIndex = 0; lastKnownFileType = wrapper.cfbundle; path = RyanHubUITests.xctest; sourceTree = BUILT_PRODUCTS_DIR; };
		54F31246CAD122C683123BED /* HydrationTrackerRegistration.swift */ = {isa = PBXFileReference; lastKnownFileType = sourcecode.swift; path = HydrationTrackerRegistration.swift; sourceTree = "<group>"; };
		54F5DDF9901F52B04883C031 /* HealthKit.framework */ = {isa = PBXFileReference; lastKnownFileType = wrapper.framework; name = HealthKit.framework; path = System/Library/Frameworks/HealthKit.framework; sourceTree = SDKROOT; };
		5A0EFB9011850B100C47479A /* FacaiAvatar.swift */ = {isa = PBXFileReference; lastKnownFileType = sourcecode.swift; path = FacaiAvatar.swift; sourceTree = "<group>"; };
		5A8BAE87477C77371E777370 /* FluentModels.swift */ = {isa = PBXFileReference; lastKnownFileType = sourcecode.swift; path = FluentModels.swift; sourceTree = "<group>"; };
		5B48D812DEA834E3D69D19FF /* AgenticExplorer.swift */ = {isa = PBXFileReference; lastKnownFileType = sourcecode.swift; path = AgenticExplorer.swift; sourceTree = "<group>"; };
		5D007D7410A51D7175402589 /* SettingsTests.swift */ = {isa = PBXFileReference; lastKnownFileType = sourcecode.swift; path = SettingsTests.swift; sourceTree = "<group>"; };
		5D5B11EECA4F5D375FAC8DF3 /* ParkingModels.swift */ = {isa = PBXFileReference; lastKnownFileType = sourcecode.swift; path = ParkingModels.swift; sourceTree = "<group>"; };
		5E40972F08206EADAFF0227E /* ParkingTests.swift */ = {isa = PBXFileReference; lastKnownFileType = sourcecode.swift; path = ParkingTests.swift; sourceTree = "<group>"; };
		5E978BD1BB5EA355B1D42A9A /* BatterySensor.swift */ = {isa = PBXFileReference; lastKnownFileType = sourcecode.swift; path = BatterySensor.swift; sourceTree = "<group>"; };
		5F733B3A7BD2685EB41347E5 /* CrossModuleTests.swift */ = {isa = PBXFileReference; lastKnownFileType = sourcecode.swift; path = CrossModuleTests.swift; sourceTree = "<group>"; };
		5FC6F16E27429DFEA760C170 /* RyanHub.app */ = {isa = PBXFileReference; includeInIndex = 0; lastKnownFileType = wrapper.application; path = RyanHub.app; sourceTree = BUILT_PRODUCTS_DIR; };
		626C493A05270563EED2FD02 /* WiFiSensor.swift */ = {isa = PBXFileReference; lastKnownFileType = sourcecode.swift; path = WiFiSensor.swift; sourceTree = "<group>"; };
		63D83CFB6CEB05DEA0EC10E8 /* ExpenseTrackerHistoryView.swift */ = {isa = PBXFileReference; lastKnownFileType = sourcecode.swift; path = ExpenseTrackerHistoryView.swift; sourceTree = "<group>"; };
		645114CF479B9006F7C2B90F /* TerminalView.swift */ = {isa = PBXFileReference; lastKnownFileType = sourcecode.swift; path = TerminalView.swift; sourceTree = "<group>"; };
		6457AE15831AAAA69E717889 /* MoodJournalViewModel.swift */ = {isa = PBXFileReference; lastKnownFileType = sourcecode.swift; path = MoodJournalViewModel.swift; sourceTree = "<group>"; };
		64D671E8E2D7AFB1BB270375 /* ExpenseTrackerRegistration.swift */ = {isa = PBXFileReference; lastKnownFileType = sourcecode.swift; path = ExpenseTrackerRegistration.swift; sourceTree = "<group>"; };
		6619F90A38EB2AE76AD6BF8B /* RyanHubWatchApp.swift */ = {isa = PBXFileReference; lastKnownFileType = sourcecode.swift; path = RyanHubWatchApp.swift; sourceTree = "<group>"; };
		67A6E494EFD12F06C3C783F1 /* CalendarPluginView.swift */ = {isa = PBXFileReference; lastKnownFileType = sourcecode.swift; path = CalendarPluginView.swift; sourceTree = "<group>"; };
		6CAD700B97BEAEA443CDDC9C /* Info.plist */ = {isa = PBXFileReference; lastKnownFileType = text.plist; path = Info.plist; sourceTree = "<group>"; };
		6D083DD2A5B38D1F4C3A9A64 /* SettingsView.swift */ = {isa = PBXFileReference; lastKnownFileType = sourcecode.swift; path = SettingsView.swift; sourceTree = "<group>"; };
		6D3CD38681A04640B0EFDD92 /* ExpenseTrackerAnalyticsView.swift */ = {isa = PBXFileReference; lastKnownFileType = sourcecode.swift; path = ExpenseTrackerAnalyticsView.swift; sourceTree = "<group>"; };
		6D81FD1D4462E12FF6BD418D /* AudioPlayerView.swift */ = {isa = PBXFileReference; lastKnownFileType = sourcecode.swift; path = AudioPlayerView.swift; sourceTree = "<group>"; };
		6E391B4E4F80BE6888DB5746 /* ModuleChartView.swift */ = {isa = PBXFileReference; lastKnownFileType = sourcecode.swift; path = ModuleChartView.swift; sourceTree = "<group>"; };
		6ECC6AFCDE8904CCEAD9EBBE /* ChatTests.swift */ = {isa = PBXFileReference; lastKnownFileType = sourcecode.swift; path = ChatTests.swift; sourceTree = "<group>"; };
		6FB57A8CC78D01FB313D2637 /* HydrationTrackerView.swift */ = {isa = PBXFileReference; lastKnownFileType = sourcecode.swift; path = HydrationTrackerView.swift; sourceTree = "<group>"; };
		6FCA5345EBFCEA0EABD94A0C /* NotificationManager.swift */ = {isa = PBXFileReference; lastKnownFileType = sourcecode.swift; path = NotificationManager.swift; sourceTree = "<group>"; };
		710370326A49AA60B49048E6 /* HydrationTrackerHistoryView.swift */ = {isa = PBXFileReference; lastKnownFileType = sourcecode.swift; path = HydrationTrackerHistoryView.swift; sourceTree = "<group>"; };
		71AB917D48917C7A8C48F467 /* StreakCounter.swift */ = {isa = PBXFileReference; lastKnownFileType = sourcecode.swift; path = StreakCounter.swift; sourceTree = "<group>"; };
		7472CC1730F9A0F806EABBB4 /* CalendarDataProvider.swift */ = {isa = PBXFileReference; lastKnownFileType = sourcecode.swift; path = CalendarDataProvider.swift; sourceTree = "<group>"; };
		75BD223A2DD8D357BDBA7F54 /* CalendarModels.swift */ = {isa = PBXFileReference; lastKnownFileType = sourcecode.swift; path = CalendarModels.swift; sourceTree = "<group>"; };
		77675CAFB66B4E56D338198F /* ExpenseTrackerViewModel.swift */ = {isa = PBXFileReference; lastKnownFileType = sourcecode.swift; path = ExpenseTrackerViewModel.swift; sourceTree = "<group>"; };
		77A2DF799AA2C183954422AA /* AudioStreamSensor.swift */ = {isa = PBXFileReference; lastKnownFileType = sourcecode.swift; path = AudioStreamSensor.swift; sourceTree = "<group>"; };
		78CFF4214607AFA100F868C3 /* CameraView.swift */ = {isa = PBXFileReference; lastKnownFileType = sourcecode.swift; path = CameraView.swift; sourceTree = "<group>"; };
		7A46AB9A86B2866494F8AD84 /* BookReaderView.swift */ = {isa = PBXFileReference; lastKnownFileType = sourcecode.swift; path = BookReaderView.swift; sourceTree = "<group>"; };
		7BB6AD55A1E11D383B6345C4 /* FluentSettingsView.swift */ = {isa = PBXFileReference; lastKnownFileType = sourcecode.swift; path = FluentSettingsView.swift; sourceTree = "<group>"; };
		7C0A050EB8D09A66EB58B205 /* HydrationTrackerDataProvider.swift */ = {isa = PBXFileReference; lastKnownFileType = sourcecode.swift; path = HydrationTrackerDataProvider.swift; sourceTree = "<group>"; };
		7C96E54E2891BD4600075855 /* ToolkitHomeView.swift */ = {isa = PBXFileReference; lastKnownFileType = sourcecode.swift; path = ToolkitHomeView.swift; sourceTree = "<group>"; };
		7D99CBD4E1D69BFF756B8B94 /* MoodJournalView.swift */ = {isa = PBXFileReference; lastKnownFileType = sourcecode.swift; path = MoodJournalView.swift; sourceTree = "<group>"; };
		7E4A5CD0A7843CDB46CDAD37 /* FSRSEngine.swift */ = {isa = PBXFileReference; lastKnownFileType = sourcecode.swift; path = FSRSEngine.swift; sourceTree = "<group>"; };
		7F9E5F6E83F4DF6A3364CE3E /* HealthTests.swift */ = {isa = PBXFileReference; lastKnownFileType = sourcecode.swift; path = HealthTests.swift; sourceTree = "<group>"; };
		80B7A5ED5723E5600FD94677 /* AudioPlayerViewModel.swift */ = {isa = PBXFileReference; lastKnownFileType = sourcecode.swift; path = AudioPlayerViewModel.swift; sourceTree = "<group>"; };
		81B02F6A093A666AE0A51583 /* BoboView.swift */ = {isa = PBXFileReference; lastKnownFileType = sourcecode.swift; path = BoboView.swift; sourceTree = "<group>"; };
		81D3F7C68E9D35452E29DAA8 /* MoodJournalRegistration.swift */ = {isa = PBXFileReference; lastKnownFileType = sourcecode.swift; path = MoodJournalRegistration.swift; sourceTree = "<group>"; };
		81F0DF5E5DEFA8CD0DCB2B5D /* FluentDataProvider.swift */ = {isa = PBXFileReference; lastKnownFileType = sourcecode.swift; path = FluentDataProvider.swift; sourceTree = "<group>"; };
		8324A0F5B9279548ED9454E9 /* DailySummaryView.swift */ = {isa = PBXFileReference; lastKnownFileType = sourcecode.swift; path = DailySummaryView.swift; sourceTree = "<group>"; };
		834BECFA48894B5E6684F1DF /* Info.plist */ = {isa = PBXFileReference; lastKnownFileType = text.plist; path = Info.plist; sourceTree = "<group>"; };
		84686D528D7CC4E2483C1304 /* PersonalContext.swift */ = {isa = PBXFileReference; lastKnownFileType = sourcecode.swift; path = PersonalContext.swift; sourceTree = "<group>"; };
		87648D721BF30026B9914553 /* CalendarViewModel.swift */ = {isa = PBXFileReference; lastKnownFileType = sourcecode.swift; path = CalendarViewModel.swift; sourceTree = "<group>"; };
		88DE304FF10E2E406E4EA68C /* TimelineEventRow.swift */ = {isa = PBXFileReference; lastKnownFileType = sourcecode.swift; path = TimelineEventRow.swift; sourceTree = "<group>"; };
		925B470E17A407A342F947A5 /* ChatView.swift */ = {isa = PBXFileReference; lastKnownFileType = sourcecode.swift; path = ChatView.swift; sourceTree = "<group>"; };
		939BDEB9FD6D6252F75828A0 /* WatchSessionManager.swift */ = {isa = PBXFileReference; lastKnownFileType = sourcecode.swift; path = WatchSessionManager.swift; sourceTree = "<group>"; };
		9478E5D175A24597C31A8C9F /* MotionSensor.swift */ = {isa = PBXFileReference; lastKnownFileType = sourcecode.swift; path = MotionSensor.swift; sourceTree = "<group>"; };
		959C9B0F5AA70C10D4D8A363 /* MoodJournalHistoryView.swift */ = {isa = PBXFileReference; lastKnownFileType = sourcecode.swift; path = MoodJournalHistoryView.swift; sourceTree = "<group>"; };
		97C55DB0A38557D415DF779F /* en */ = {isa = PBXFileReference; lastKnownFileType = text.plist.strings; name = en; path = en.lproj/Localizable.strings; sourceTree = "<group>"; };
		9A77A60ABD546DA205C43BE3 /* ExpenseTrackerModels.swift */ = {isa = PBXFileReference; lastKnownFileType = sourcecode.swift; path = ExpenseTrackerModels.swift; sourceTree = "<group>"; };
		9AE49953418A97242254CFD7 /* SectionHeader.swift */ = {isa = PBXFileReference; lastKnownFileType = sourcecode.swift; path = SectionHeader.swift; sourceTree = "<group>"; };
		9ED59A92AE6021B648A1D666 /* HubCard.swift */ = {isa = PBXFileReference; lastKnownFileType = sourcecode.swift; path = HubCard.swift; sourceTree = "<group>"; };
		A082EB00B69059F019598C79 /* ExpenseTrackerEntrySheet.swift */ = {isa = PBXFileReference; lastKnownFileType = sourcecode.swift; path = ExpenseTrackerEntrySheet.swift; sourceTree = "<group>"; };
		A0D1D7BFF0973ACC109D2297 /* ToolkitTests.swift */ = {isa = PBXFileReference; lastKnownFileType = sourcecode.swift; path = ToolkitTests.swift; sourceTree = "<group>"; };
		A39F147D2BBC1B842E26979E /* BookFactoryAPI.swift */ = {isa = PBXFileReference; lastKnownFileType = sourcecode.swift; path = BookFactoryAPI.swift; sourceTree = "<group>"; };
		A69D457FFC342C44FD9AC5A8 /* SettingsViewModel.swift */ = {isa = PBXFileReference; lastKnownFileType = sourcecode.swift; path = SettingsViewModel.swift; sourceTree = "<group>"; };
		A6AC78DD349D07BBC0ABC36A /* HealthDataProvider.swift */ = {isa = PBXFileReference; lastKnownFileType = sourcecode.swift; path = HealthDataProvider.swift; sourceTree = "<group>"; };
		A7404F328903542EFA75AD70 /* CalendarService.swift */ = {isa = PBXFileReference; lastKnownFileType = sourcecode.swift; path = CalendarService.swift; sourceTree = "<group>"; };
		AA78B453B0C88A9BD3EF3437 /* ToolkitDataProvider.swift */ = {isa = PBXFileReference; lastKnownFileType = sourcecode.swift; path = ToolkitDataProvider.swift; sourceTree = "<group>"; };
		AAD61D9A181F72ABF2EED38C /* FluentSeedData.swift */ = {isa = PBXFileReference; lastKnownFileType = sourcecode.swift; path = FluentSeedData.swift; sourceTree = "<group>"; };
		ACB2018C9E4C38CC9E6DCADB /* DynamicModuleRegistry.swift */ = {isa = PBXFileReference; lastKnownFileType = sourcecode.swift; path = DynamicModuleRegistry.swift; sourceTree = "<group>"; };
		AD94D3E0824640F6802F86A4 /* RyanHubApp.swift */ = {isa = PBXFileReference; lastKnownFileType = sourcecode.swift; path = RyanHubApp.swift; sourceTree = "<group>"; };
		ADBE11AC8E35CE4F46605C73 /* ProgressRingView.swift */ = {isa = PBXFileReference; lastKnownFileType = sourcecode.swift; path = ProgressRingView.swift; sourceTree = "<group>"; };
		AE159CAB3E17CFF110C6A594 /* zh-Hans */ = {isa = PBXFileReference; lastKnownFileType = text.plist.strings; name = "zh-Hans"; path = "zh-Hans.lproj/Localizable.strings"; sourceTree = "<group>"; };
		B079917098B7360D56F5FFD4 /* BoAvatar.swift */ = {isa = PBXFileReference; lastKnownFileType = sourcecode.swift; path = BoAvatar.swift; sourceTree = "<group>"; };
		B16DCA2295106985F51F2AD4 /* ContentView.swift */ = {isa = PBXFileReference; lastKnownFileType = sourcecode.swift; path = ContentView.swift; sourceTree = "<group>"; };
		B1CC71D3AB52758AAD419B1A /* MoodJournalEntrySheet.swift */ = {isa = PBXFileReference; lastKnownFileType = sourcecode.swift; path = MoodJournalEntrySheet.swift; sourceTree = "<group>"; };
		B1CF03B1A12C982E0FD98595 /* CalendarHeatmap.swift */ = {isa = PBXFileReference; lastKnownFileType = sourcecode.swift; path = CalendarHeatmap.swift; sourceTree = "<group>"; };
		B1DE76276F3B43F6AFC69D20 /* MoodJournalModels.swift */ = {isa = PBXFileReference; lastKnownFileType = sourcecode.swift; path = MoodJournalModels.swift; sourceTree = "<group>"; };
		B2BD9A50AFEFA22CD60FADBF /* TerminalTests.swift */ = {isa = PBXFileReference; lastKnownFileType = sourcecode.swift; path = TerminalTests.swift; sourceTree = "<group>"; };
		B5A4E676D29D0F717276E5FD /* HydrationTrackerEntrySheet.swift */ = {isa = PBXFileReference; lastKnownFileType = sourcecode.swift; path = HydrationTrackerEntrySheet.swift; sourceTree = "<group>"; };
		B8D7E3DA7975CCD073CD370A /* ParkingDataProvider.swift */ = {isa = PBXFileReference; lastKnownFileType = sourcecode.swift; path = ParkingDataProvider.swift; sourceTree = "<group>"; };
		BA063DC43CB5AA0402BEE985 /* BoboDataStore.swift */ = {isa = PBXFileReference; lastKnownFileType = sourcecode.swift; path = BoboDataStore.swift; sourceTree = "<group>"; };
		BB537DF37440FEF82FAEF5D4 /* BookFactoryView.swift */ = {isa = PBXFileReference; lastKnownFileType = sourcecode.swift; path = BookFactoryView.swift; sourceTree = "<group>"; };
		BD7704742E67AD44D943A435 /* TerminalViewModel.swift */ = {isa = PBXFileReference; lastKnownFileType = sourcecode.swift; path = TerminalViewModel.swift; sourceTree = "<group>"; };
		C0563D9301CFC9B123A77F6B /* MiniPlayerView.swift */ = {isa = PBXFileReference; lastKnownFileType = sourcecode.swift; path = MiniPlayerView.swift; sourceTree = "<group>"; };
		C079DC0CA6EA286023C68D24 /* ChatInputBar.swift */ = {isa = PBXFileReference; lastKnownFileType = sourcecode.swift; path = ChatInputBar.swift; sourceTree = "<group>"; };
		C29E8E664FA33720222A20C7 /* InsightCard.swift */ = {isa = PBXFileReference; lastKnownFileType = sourcecode.swift; path = InsightCard.swift; sourceTree = "<group>"; };
		C480D9BFFC94DCB9AD404176 /* FluentTests.swift */ = {isa = PBXFileReference; lastKnownFileType = sourcecode.swift; path = FluentTests.swift; sourceTree = "<group>"; };
		C4D40B06DEE0FABF0F9F66E6 /* BookModels.swift */ = {isa = PBXFileReference; lastKnownFileType = sourcecode.swift; path = BookModels.swift; sourceTree = "<group>"; };
		C553E08F5FEEC7043B53FB61 /* LocationSensor.swift */ = {isa = PBXFileReference; lastKnownFileType = sourcecode.swift; path = LocationSensor.swift; sourceTree = "<group>"; };
		C8A849259BEE61F3158D63EB /* ExpenseTrackerView.swift */ = {isa = PBXFileReference; lastKnownFileType = sourcecode.swift; path = ExpenseTrackerView.swift; sourceTree = "<group>"; };
		CAF23D6C066A4D5D48D285C7 /* HydrationTrackerDashboardView.swift */ = {isa = PBXFileReference; lastKnownFileType = sourcecode.swift; path = HydrationTrackerDashboardView.swift; sourceTree = "<group>"; };
		CD1BEF2D304A966AD1DB4E90 /* MoodJournalAnalyticsView.swift */ = {isa = PBXFileReference; lastKnownFileType = sourcecode.swift; path = MoodJournalAnalyticsView.swift; sourceTree = "<group>"; };
		CD86AE08D1796BF465BC38E2 /* ChatMessage.swift */ = {isa = PBXFileReference; lastKnownFileType = sourcecode.swift; path = ChatMessage.swift; sourceTree = "<group>"; };
		CF08A389291EC57C9A1078D4 /* WeightTimelineChart.swift */ = {isa = PBXFileReference; lastKnownFileType = sourcecode.swift; path = WeightTimelineChart.swift; sourceTree = "<group>"; };
		D06AEB0354C4C85106A24AE1 /* HealthView.swift */ = {isa = PBXFileReference; lastKnownFileType = sourcecode.swift; path = HealthView.swift; sourceTree = "<group>"; };
		D16D2295813670830D5C718A /* ParkingViewModel.swift */ = {isa = PBXFileReference; lastKnownFileType = sourcecode.swift; path = ParkingViewModel.swift; sourceTree = "<group>"; };
		D720AA4B2C547EB4CD326ABC /* Assets.xcassets */ = {isa = PBXFileReference; lastKnownFileType = folder.assetcatalog; path = Assets.xcassets; sourceTree = "<group>"; };
		D95AF3A0C5EE080C5A0E90DB /* TypingIndicator.swift */ = {isa = PBXFileReference; lastKnownFileType = sourcecode.swift; path = TypingIndicator.swift; sourceTree = "<group>"; };
		D9C923C9AB5D8E6D4D5D079B /* ContentView.swift */ = {isa = PBXFileReference; lastKnownFileType = sourcecode.swift; path = ContentView.swift; sourceTree = "<group>"; };
		DD36A392387C1373ED1B0750 /* ScreenSensor.swift */ = {isa = PBXFileReference; lastKnownFileType = sourcecode.swift; path = ScreenSensor.swift; sourceTree = "<group>"; };
		DF2B5DB752ACC5184B6FC043 /* QueueManagerView.swift */ = {isa = PBXFileReference; lastKnownFileType = sourcecode.swift; path = QueueManagerView.swift; sourceTree = "<group>"; };
		E018F68AF71B20F0AA9163FA /* CallSensor.swift */ = {isa = PBXFileReference; lastKnownFileType = sourcecode.swift; path = CallSensor.swift; sourceTree = "<group>"; };
		E0856DD8E6429E9B1179A082 /* AudioService.swift */ = {isa = PBXFileReference; lastKnownFileType = sourcecode.swift; path = AudioService.swift; sourceTree = "<group>"; };
		E14BBD76FC6EAB15F32CF727 /* WatchConnectivity.framework */ = {isa = PBXFileReference; lastKnownFileType = wrapper.framework; name = WatchConnectivity.framework; path = System/Library/Frameworks/WatchConnectivity.framework; sourceTree = SDKROOT; };
		E2B166C45725E73862D1701E /* BluetoothSensor.swift */ = {isa = PBXFileReference; lastKnownFileType = sourcecode.swift; path = BluetoothSensor.swift; sourceTree = "<group>"; };
		E2B7D92280D24E6039581B5B /* RyanHubUITestBase.swift */ = {isa = PBXFileReference; lastKnownFileType = sourcecode.swift; path = RyanHubUITestBase.swift; sourceTree = "<group>"; };
		E2C14B8742D7D4759E188351 /* MessageBubble.swift */ = {isa = PBXFileReference; lastKnownFileType = sourcecode.swift; path = MessageBubble.swift; sourceTree = "<group>"; };
		E3538D869E09C062B5D8DBFD /* StatCard.swift */ = {isa = PBXFileReference; lastKnownFileType = sourcecode.swift; path = StatCard.swift; sourceTree = "<group>"; };
		E58926E0B8755BD153826FD8 /* TabNavigationTests.swift */ = {isa = PBXFileReference; lastKnownFileType = sourcecode.swift; path = TabNavigationTests.swift; sourceTree = "<group>"; };
		E5AC6E4C1F353A83F301D80A /* CalendarTests.swift */ = {isa = PBXFileReference; lastKnownFileType = sourcecode.swift; path = CalendarTests.swift; sourceTree = "<group>"; };
		E65564252C7D5721D9784435 /* HubTextField.swift */ = {isa = PBXFileReference; lastKnownFileType = sourcecode.swift; path = HubTextField.swift; sourceTree = "<group>"; };
		E70BCC4BACE0FB0168599D51 /* RyanHub.entitlements */ = {isa = PBXFileReference; lastKnownFileType = text.plist.entitlements; path = RyanHub.entitlements; sourceTree = "<group>"; };
		E7BCC4EF4432777820F5E5E3 /* ExpenseTrackerDataProvider.swift */ = {isa = PBXFileReference; lastKnownFileType = sourcecode.swift; path = ExpenseTrackerDataProvider.swift; sourceTree = "<group>"; };
		E8910F5210CD277F57B58223 /* AppState.swift */ = {isa = PBXFileReference; lastKnownFileType = sourcecode.swift; path = AppState.swift; sourceTree = "<group>"; };
		E908A0DA905304B83016364C /* SwiftTermView.swift */ = {isa = PBXFileReference; lastKnownFileType = sourcecode.swift; path = SwiftTermView.swift; sourceTree = "<group>"; };
		EA43F407F77E3EA89CBB0F10 /* BookLibraryView.swift */ = {isa = PBXFileReference; lastKnownFileType = sourcecode.swift; path = BookLibraryView.swift; sourceTree = "<group>"; };
		EE23B64A4B5F17A16706D85E /* MoodJournalDataProvider.swift */ = {isa = PBXFileReference; lastKnownFileType = sourcecode.swift; path = MoodJournalDataProvider.swift; sourceTree = "<group>"; };
		EE378B06FBA06FA6063E2709 /* ExpenseTrackerDashboardView.swift */ = {isa = PBXFileReference; lastKnownFileType = sourcecode.swift; path = ExpenseTrackerDashboardView.swift; sourceTree = "<group>"; };
		F014532D0D4E1436B23ECB17 /* MoodJournalDashboardView.swift */ = {isa = PBXFileReference; lastKnownFileType = sourcecode.swift; path = MoodJournalDashboardView.swift; sourceTree = "<group>"; };
		F1075E7E8633CFDBDADF1D04 /* HealthSensor.swift */ = {isa = PBXFileReference; lastKnownFileType = sourcecode.swift; path = HealthSensor.swift; sourceTree = "<group>"; };
		F14ECFE406153DFEAD4BB330 /* FluentViewModel.swift */ = {isa = PBXFileReference; lastKnownFileType = sourcecode.swift; path = FluentViewModel.swift; sourceTree = "<group>"; };
		F4E8144CB5135172B2DC2F7E /* LocalizationManager.swift */ = {isa = PBXFileReference; lastKnownFileType = sourcecode.swift; path = LocalizationManager.swift; sourceTree = "<group>"; };
		F7DAFB29D290BE2390F8CB02 /* Narration.swift */ = {isa = PBXFileReference; lastKnownFileType = sourcecode.swift; path = Narration.swift; sourceTree = "<group>"; };
		F9BA57189042FC27A8A1719A /* RyanHubWatch.app */ = {isa = PBXFileReference; explicitFileType = wrapper.application; includeInIndex = 0; path = RyanHubWatch.app; sourceTree = BUILT_PRODUCTS_DIR; };
		FBB4632AD98A761C6891EDFC /* FluentView.swift */ = {isa = PBXFileReference; lastKnownFileType = sourcecode.swift; path = FluentView.swift; sourceTree = "<group>"; };
		FDA7223EFC10C281D46964EB /* BookFactoryTests.swift */ = {isa = PBXFileReference; lastKnownFileType = sourcecode.swift; path = BookFactoryTests.swift; sourceTree = "<group>"; };
		FED78D1EEEF5E019B862807A /* AccessibilityID.swift */ = {isa = PBXFileReference; lastKnownFileType = sourcecode.swift; path = AccessibilityID.swift; sourceTree = "<group>"; };
		FFD7A7D51DF4CC4913F26E5E /* BoboDataProvider.swift */ = {isa = PBXFileReference; lastKnownFileType = sourcecode.swift; path = BoboDataProvider.swift; sourceTree = "<group>"; };
/* End PBXFileReference section */

/* Begin PBXFrameworksBuildPhase section */
		04E3AE1B5F3CBF6BA76A3E8F /* Frameworks */ = {
			isa = PBXFrameworksBuildPhase;
			buildActionMask = 2147483647;
			files = (
				80B2D53EF1EA8A8AD6E5E5C8 /* HealthKit.framework in Frameworks */,
				0B959499AB473A28B747583B /* WatchConnectivity.framework in Frameworks */,
			);
			runOnlyForDeploymentPostprocessing = 0;
		};
		BFB7D8A3CE46CE7BEAFFAAA2 /* Frameworks */ = {
			isa = PBXFrameworksBuildPhase;
			buildActionMask = 2147483647;
			files = (
				2DC64949E9D9CDA532DBFB16 /* SwiftTerm in Frameworks */,
				81F1409EBE3971344F74F2F5 /* NIOSSH in Frameworks */,
				1CE896816E79C98434C97347 /* HealthKit.framework in Frameworks */,
				B4398C5033AC401E4D7F1BA0 /* WatchConnectivity.framework in Frameworks */,
			);
			runOnlyForDeploymentPostprocessing = 0;
		};
/* End PBXFrameworksBuildPhase section */

/* Begin PBXGroup section */
		130B25ABC7868919556C0A60 /* Fluent */ = {
			isa = PBXGroup;
			children = (
				81F0DF5E5DEFA8CD0DCB2B5D /* FluentDataProvider.swift */,
				5A8BAE87477C77371E777370 /* FluentModels.swift */,
				2E5DFE94BFC993641FAAE8FB /* FluentReviewView.swift */,
				AAD61D9A181F72ABF2EED38C /* FluentSeedData.swift */,
				7BB6AD55A1E11D383B6345C4 /* FluentSettingsView.swift */,
				21DAA3F09BEB33DF0B836FFF /* FluentStore.swift */,
				FBB4632AD98A761C6891EDFC /* FluentView.swift */,
				F14ECFE406153DFEAD4BB330 /* FluentViewModel.swift */,
				2D6087AA32C74C9457AD7687 /* FluentVocabularyDetailView.swift */,
				026DF5BE84A6E963CAEDFCFE /* FluentVocabularyView.swift */,
				7E4A5CD0A7843CDB46CDAD37 /* FSRSEngine.swift */,
			);
			path = Fluent;
			sourceTree = "<group>";
		};
		186407036DDEA98EFC7706C4 /* Services */ = {
			isa = PBXGroup;
			children = (
				BA063DC43CB5AA0402BEE985 /* BoboDataStore.swift */,
				3F6ECAD7269E24A080B34009 /* BoboSyncService.swift */,
			);
			path = Services;
			sourceTree = "<group>";
		};
		1A59027BDDCE8C61DA0E8AD8 /* Settings */ = {
			isa = PBXGroup;
			children = (
				5867ED4E47BB806AA29BAF0D /* ViewModels */,
				7646DAE16B5F8BCFCB3C2DA1 /* Views */,
			);
			path = Settings;
			sourceTree = "<group>";
		};
		1B2E09EA2E6B2CF5E505E770 /* Chat */ = {
			isa = PBXGroup;
			children = (
				9C26C756EDA09C5C320131EA /* Models */,
				E7C062BCC29B1D39BC7BB004 /* ViewModels */,
				79A9B27A4A383A0F15CEB4FF /* Views */,
			);
			path = Chat;
			sourceTree = "<group>";
		};
		1C04EDD855D425937AB31648 /* BookFactory */ = {
			isa = PBXGroup;
			children = (
				6D81FD1D4462E12FF6BD418D /* AudioPlayerView.swift */,
				80B7A5ED5723E5600FD94677 /* AudioPlayerViewModel.swift */,
				E0856DD8E6429E9B1179A082 /* AudioService.swift */,
				A39F147D2BBC1B842E26979E /* BookFactoryAPI.swift */,
				12DF6C8BE46A85B9A8F35721 /* BookFactoryDataProvider.swift */,
				2E068490AE36E663E37FB013 /* BookFactorySettingsView.swift */,
				BB537DF37440FEF82FAEF5D4 /* BookFactoryView.swift */,
				1D41DFE1B728042F58D03141 /* BookFactoryViewModel.swift */,
				EA43F407F77E3EA89CBB0F10 /* BookLibraryView.swift */,
				C4D40B06DEE0FABF0F9F66E6 /* BookModels.swift */,
				7A46AB9A86B2866494F8AD84 /* BookReaderView.swift */,
				C0563D9301CFC9B123A77F6B /* MiniPlayerView.swift */,
				DF2B5DB752ACC5184B6FC043 /* QueueManagerView.swift */,
				1B9EA9D07E750C36E09F40F8 /* QueueViewModel.swift */,
			);
			path = BookFactory;
			sourceTree = "<group>";
		};
		1FA96DD20A007326E61C4B26 /* Views */ = {
			isa = PBXGroup;
			children = (
				81B02F6A093A666AE0A51583 /* BoboView.swift */,
				3E87EEBC71B27604296F7A79 /* NarrationRecordButton.swift */,
				88DE304FF10E2E406E4EA68C /* TimelineEventRow.swift */,
			);
			path = Views;
			sourceTree = "<group>";
		};
		244FC5BD6EC74E5A3C294ECD /* Products */ = {
			isa = PBXGroup;
			children = (
				5FC6F16E27429DFEA760C170 /* RyanHub.app */,
				544DEFE89CD15A88D94AFAA8 /* RyanHubUITests.xctest */,
				F9BA57189042FC27A8A1719A /* RyanHubWatch.app */,
			);
			name = Products;
			sourceTree = "<group>";
		};
		418CBDEC111F2BF13C20972A /* PersonalContext */ = {
			isa = PBXGroup;
			children = (
				84686D528D7CC4E2483C1304 /* PersonalContext.swift */,
				AA78B453B0C88A9BD3EF3437 /* ToolkitDataProvider.swift */,
			);
			path = PersonalContext;
			sourceTree = "<group>";
		};
		4C5F4BDE65F02E1FAB8764A1 /* Models */ = {
			isa = PBXGroup;
			children = (
				E8910F5210CD277F57B58223 /* AppState.swift */,
			);
			path = Models;
			sourceTree = "<group>";
		};
		4F98B8A543EFCC31A37902A3 /* Design */ = {
			isa = PBXGroup;
			children = (
				33CAB4BF0FA7C79E224110B1 /* Theme.swift */,
				B5106BF35F4C558731530B71 /* Components */,
			);
			path = Design;
			sourceTree = "<group>";
		};
		5653875A2A9BB0B52D198650 /* HydrationTracker */ = {
			isa = PBXGroup;
			children = (
				305E9AA215695CE2917D943A /* HydrationTrackerAnalyticsView.swift */,
				CAF23D6C066A4D5D48D285C7 /* HydrationTrackerDashboardView.swift */,
				7C0A050EB8D09A66EB58B205 /* HydrationTrackerDataProvider.swift */,
				B5A4E676D29D0F717276E5FD /* HydrationTrackerEntrySheet.swift */,
				710370326A49AA60B49048E6 /* HydrationTrackerHistoryView.swift */,
				3D4F5DFD508B8E17C8D87D9E /* HydrationTrackerModels.swift */,
				54F31246CAD122C683123BED /* HydrationTrackerRegistration.swift */,
				6FB57A8CC78D01FB313D2637 /* HydrationTrackerView.swift */,
				29D9E39DA309D5955D256E94 /* HydrationTrackerViewModel.swift */,
			);
			path = HydrationTracker;
			sourceTree = "<group>";
		};
		5867ED4E47BB806AA29BAF0D /* ViewModels */ = {
			isa = PBXGroup;
			children = (
				A69D457FFC342C44FD9AC5A8 /* SettingsViewModel.swift */,
			);
			path = ViewModels;
			sourceTree = "<group>";
		};
		75F6EED93C1E6E451F6FBA18 /* Notifications */ = {
			isa = PBXGroup;
			children = (
				6FCA5345EBFCEA0EABD94A0C /* NotificationManager.swift */,
			);
			path = Notifications;
			sourceTree = "<group>";
		};
		7646DAE16B5F8BCFCB3C2DA1 /* Views */ = {
			isa = PBXGroup;
			children = (
				6D083DD2A5B38D1F4C3A9A64 /* SettingsView.swift */,
			);
			path = Views;
			sourceTree = "<group>";
		};
		78D046C3A45147026C7DCB4E /* ExpenseTracker */ = {
			isa = PBXGroup;
			children = (
				6D3CD38681A04640B0EFDD92 /* ExpenseTrackerAnalyticsView.swift */,
				EE378B06FBA06FA6063E2709 /* ExpenseTrackerDashboardView.swift */,
				E7BCC4EF4432777820F5E5E3 /* ExpenseTrackerDataProvider.swift */,
				A082EB00B69059F019598C79 /* ExpenseTrackerEntrySheet.swift */,
				63D83CFB6CEB05DEA0EC10E8 /* ExpenseTrackerHistoryView.swift */,
				9A77A60ABD546DA205C43BE3 /* ExpenseTrackerModels.swift */,
				64D671E8E2D7AFB1BB270375 /* ExpenseTrackerRegistration.swift */,
				C8A849259BEE61F3158D63EB /* ExpenseTrackerView.swift */,
				77675CAFB66B4E56D338198F /* ExpenseTrackerViewModel.swift */,
			);
			path = ExpenseTracker;
			sourceTree = "<group>";
		};
		79A9B27A4A383A0F15CEB4FF /* Views */ = {
			isa = PBXGroup;
			children = (
				C079DC0CA6EA286023C68D24 /* ChatInputBar.swift */,
				925B470E17A407A342F947A5 /* ChatView.swift */,
				E2C14B8742D7D4759E188351 /* MessageBubble.swift */,
				D95AF3A0C5EE080C5A0E90DB /* TypingIndicator.swift */,
			);
			path = Views;
			sourceTree = "<group>";
		};
		7C593548F04C05E94E2AFA83 /* RyanHubUITests */ = {
			isa = PBXGroup;
			children = (
				5B48D812DEA834E3D69D19FF /* AgenticExplorer.swift */,
				FDA7223EFC10C281D46964EB /* BookFactoryTests.swift */,
				E5AC6E4C1F353A83F301D80A /* CalendarTests.swift */,
				6ECC6AFCDE8904CCEAD9EBBE /* ChatTests.swift */,
				5F733B3A7BD2685EB41347E5 /* CrossModuleTests.swift */,
				C480D9BFFC94DCB9AD404176 /* FluentTests.swift */,
				7F9E5F6E83F4DF6A3364CE3E /* HealthTests.swift */,
				5E40972F08206EADAFF0227E /* ParkingTests.swift */,
				E2B7D92280D24E6039581B5B /* RyanHubUITestBase.swift */,
				5D007D7410A51D7175402589 /* SettingsTests.swift */,
				E58926E0B8755BD153826FD8 /* TabNavigationTests.swift */,
				B2BD9A50AFEFA22CD60FADBF /* TerminalTests.swift */,
				A0D1D7BFF0973ACC109D2297 /* ToolkitTests.swift */,
			);
			path = RyanHubUITests;
			sourceTree = "<group>";
		};
		7DD1D5D060F2AE55654CC25C /* Terminal */ = {
			isa = PBXGroup;
			children = (
				D796A4EEBDC2604DF33A9A76 /* ViewModels */,
				E6AB6A7B42326FEBDAD37493 /* Views */,
			);
			path = Terminal;
			sourceTree = "<group>";
		};
		7FA3647E4625257E1762B43A /* DynamicModules */ = {
			isa = PBXGroup;
			children = (
				3DE0FA10CF68A3ADDA93E3D3 /* DynamicModuleBootstrap.swift */,
				ACB2018C9E4C38CC9E6DCADB /* DynamicModuleRegistry.swift */,
				78D046C3A45147026C7DCB4E /* ExpenseTracker */,
				5653875A2A9BB0B52D198650 /* HydrationTracker */,
				FD31D952B0D9432F365D2109 /* MoodJournal */,
			);
			path = DynamicModules;
			sourceTree = "<group>";
		};
		7FD0F1F2B627851F674E44BB /* Frameworks */ = {
			isa = PBXGroup;
			children = (
				54F5DDF9901F52B04883C031 /* HealthKit.framework */,
				E14BBD76FC6EAB15F32CF727 /* WatchConnectivity.framework */,
			);
			name = Frameworks;
			sourceTree = "<group>";
		};
		91499C240728B537229E0982 /* Resources */ = {
			isa = PBXGroup;
			children = (
				D720AA4B2C547EB4CD326ABC /* Assets.xcassets */,
			);
			path = Resources;
			sourceTree = "<group>";
		};
		9C26C756EDA09C5C320131EA /* Models */ = {
			isa = PBXGroup;
			children = (
				CD86AE08D1796BF465BC38E2 /* ChatMessage.swift */,
			);
			path = Models;
			sourceTree = "<group>";
		};
		9DAB643A9F08A34D54CDF214 /* Sensing */ = {
			isa = PBXGroup;
			children = (
				77A2DF799AA2C183954422AA /* AudioStreamSensor.swift */,
				5E978BD1BB5EA355B1D42A9A /* BatterySensor.swift */,
				E2B166C45725E73862D1701E /* BluetoothSensor.swift */,
				E018F68AF71B20F0AA9163FA /* CallSensor.swift */,
				F1075E7E8633CFDBDADF1D04 /* HealthSensor.swift */,
				C553E08F5FEEC7043B53FB61 /* LocationSensor.swift */,
				9478E5D175A24597C31A8C9F /* MotionSensor.swift */,
				1E39E5954FFE3AB171463540 /* PhotoLibrarySensor.swift */,
				DD36A392387C1373ED1B0750 /* ScreenSensor.swift */,
				46382D54977CE607CFFB639A /* SensingEngine.swift */,
				626C493A05270563EED2FD02 /* WiFiSensor.swift */,
			);
			path = Sensing;
			sourceTree = "<group>";
		};
		A42B52F71D441ED536E658F9 /* Toolkit */ = {
			isa = PBXGroup;
			children = (
				7C96E54E2891BD4600075855 /* ToolkitHomeView.swift */,
				D40038C5CBC8341ED305EEEE /* Bobo */,
				1C04EDD855D425937AB31648 /* BookFactory */,
				F4631879FC83D996C2768D41 /* Calendar */,
				7FA3647E4625257E1762B43A /* DynamicModules */,
				130B25ABC7868919556C0A60 /* Fluent */,
				EC9CB57E20405AD648F55CCD /* Health */,
				C428C88F11F6A32043A3A53B /* Parking */,
			);
			path = Toolkit;
			sourceTree = "<group>";
		};
		A950349796612DFC264C6BAB /* Models */ = {
			isa = PBXGroup;
			children = (
				F7DAFB29D290BE2390F8CB02 /* Narration.swift */,
				0BFFB1A5C595BA779DE3DA94 /* Nudge.swift */,
				327B76A77F58B8E695E0A660 /* SensingEvent.swift */,
			);
			path = Models;
			sourceTree = "<group>";
		};
		AE11552CA71348525034C86D /* Modules */ = {
			isa = PBXGroup;
			children = (
				1B2E09EA2E6B2CF5E505E770 /* Chat */,
				1A59027BDDCE8C61DA0E8AD8 /* Settings */,
				7DD1D5D060F2AE55654CC25C /* Terminal */,
				A42B52F71D441ED536E658F9 /* Toolkit */,
			);
			path = Modules;
			sourceTree = "<group>";
		};
		B5106BF35F4C558731530B71 /* Components */ = {
			isa = PBXGroup;
			children = (
				B079917098B7360D56F5FFD4 /* BoAvatar.swift */,
				B1CF03B1A12C982E0FD98595 /* CalendarHeatmap.swift */,
				5A0EFB9011850B100C47479A /* FacaiAvatar.swift */,
				1BCFCFAC99A828A1B4933837 /* HubButton.swift */,
				9ED59A92AE6021B648A1D666 /* HubCard.swift */,
				E65564252C7D5721D9784435 /* HubTextField.swift */,
				C29E8E664FA33720222A20C7 /* InsightCard.swift */,
				6E391B4E4F80BE6888DB5746 /* ModuleChartView.swift */,
				ADBE11AC8E35CE4F46605C73 /* ProgressRingView.swift */,
				3721CBB7D9D29D90B195F009 /* QuickEntrySheet.swift */,
				9AE49953418A97242254CFD7 /* SectionHeader.swift */,
				E3538D869E09C062B5D8DBFD /* StatCard.swift */,
				71AB917D48917C7A8C48F467 /* StreakCounter.swift */,
			);
			path = Components;
			sourceTree = "<group>";
		};
		C428C88F11F6A32043A3A53B /* Parking */ = {
			isa = PBXGroup;
			children = (
				B8D7E3DA7975CCD073CD370A /* ParkingDataProvider.swift */,
				5D5B11EECA4F5D375FAC8DF3 /* ParkingModels.swift */,
				459EF3910E2F8897601D5792 /* ParkingView.swift */,
				D16D2295813670830D5C718A /* ParkingViewModel.swift */,
			);
			path = Parking;
			sourceTree = "<group>";
		};
		CAF0C4A80C13F2A94A39711A /* Core */ = {
			isa = PBXGroup;
			children = (
				FED78D1EEEF5E019B862807A /* AccessibilityID.swift */,
				4F98B8A543EFCC31A37902A3 /* Design */,
				D0B4D225A74150DD23E09420 /* Localization */,
				4C5F4BDE65F02E1FAB8764A1 /* Models */,
				E5BCA578BAF6067EF8AFB917 /* Networking */,
				75F6EED93C1E6E451F6FBA18 /* Notifications */,
				418CBDEC111F2BF13C20972A /* PersonalContext */,
			);
			path = Core;
			sourceTree = "<group>";
		};
		CE5CBCFA91B8C983B8347046 /* App */ = {
			isa = PBXGroup;
			children = (
				D9C923C9AB5D8E6D4D5D079B /* ContentView.swift */,
				AD94D3E0824640F6802F86A4 /* RyanHubApp.swift */,
			);
			path = App;
			sourceTree = "<group>";
		};
		D0B4D225A74150DD23E09420 /* Localization */ = {
			isa = PBXGroup;
			children = (
				335BA591A35FB41B6FD8EEC1 /* Localizable.strings */,
				F4E8144CB5135172B2DC2F7E /* LocalizationManager.swift */,
			);
			path = Localization;
			sourceTree = "<group>";
		};
		D40038C5CBC8341ED305EEEE /* Bobo */ = {
			isa = PBXGroup;
			children = (
				FFD7A7D51DF4CC4913F26E5E /* BoboDataProvider.swift */,
				10CCB714953A5915382AFF19 /* BoboViewModel.swift */,
				A950349796612DFC264C6BAB /* Models */,
				9DAB643A9F08A34D54CDF214 /* Sensing */,
				186407036DDEA98EFC7706C4 /* Services */,
				1FA96DD20A007326E61C4B26 /* Views */,
			);
			path = Bobo;
			sourceTree = "<group>";
		};
		D44A34788177DA1563EA6932 = {
			isa = PBXGroup;
			children = (
				E5E55C5892869A09E22D4DF6 /* RyanHub */,
				7C593548F04C05E94E2AFA83 /* RyanHubUITests */,
				FE7973D956540E47780D606D /* RyanHubWatch */,
				7FD0F1F2B627851F674E44BB /* Frameworks */,
				244FC5BD6EC74E5A3C294ECD /* Products */,
			);
			sourceTree = "<group>";
		};
		D796A4EEBDC2604DF33A9A76 /* ViewModels */ = {
			isa = PBXGroup;
			children = (
				451A5D81323FC8ABDC20C701 /* SSHConnection.swift */,
				BD7704742E67AD44D943A435 /* TerminalViewModel.swift */,
			);
			path = ViewModels;
			sourceTree = "<group>";
		};
		E5BCA578BAF6067EF8AFB917 /* Networking */ = {
			isa = PBXGroup;
			children = (
				1E8670F423D769B8AC0EC3A7 /* APIClient.swift */,
				939BDEB9FD6D6252F75828A0 /* WatchSessionManager.swift */,
				222000EAD2F5A19A79AF51B4 /* WebSocketClient.swift */,
			);
			path = Networking;
			sourceTree = "<group>";
		};
		E5E55C5892869A09E22D4DF6 /* RyanHub */ = {
			isa = PBXGroup;
			children = (
				834BECFA48894B5E6684F1DF /* Info.plist */,
				E70BCC4BACE0FB0168599D51 /* RyanHub.entitlements */,
				CE5CBCFA91B8C983B8347046 /* App */,
				CAF0C4A80C13F2A94A39711A /* Core */,
				AE11552CA71348525034C86D /* Modules */,
				91499C240728B537229E0982 /* Resources */,
			);
			path = RyanHub;
			sourceTree = "<group>";
		};
		E6AB6A7B42326FEBDAD37493 /* Views */ = {
			isa = PBXGroup;
			children = (
				E908A0DA905304B83016364C /* SwiftTermView.swift */,
				645114CF479B9006F7C2B90F /* TerminalView.swift */,
			);
			path = Views;
			sourceTree = "<group>";
		};
		E7C062BCC29B1D39BC7BB004 /* ViewModels */ = {
			isa = PBXGroup;
			children = (
				16AA3B6CD78A2A3E597642C3 /* ChatViewModel.swift */,
			);
			path = ViewModels;
			sourceTree = "<group>";
		};
		EC9CB57E20405AD648F55CCD /* Health */ = {
			isa = PBXGroup;
			children = (
				78CFF4214607AFA100F868C3 /* CameraView.swift */,
				8324A0F5B9279548ED9454E9 /* DailySummaryView.swift */,
				34BC44409C203DC902136BB1 /* FoodAnalysisService.swift */,
				A6AC78DD349D07BBC0ABC36A /* HealthDataProvider.swift */,
				4AD0CBF73B859088687163F3 /* HealthModels.swift */,
				D06AEB0354C4C85106A24AE1 /* HealthView.swift */,
				0ECA4BEE320B57F9B1EBD6EF /* HealthViewModel.swift */,
				45981F3DD312C51871008ACC /* WeightLogView.swift */,
				CF08A389291EC57C9A1078D4 /* WeightTimelineChart.swift */,
			);
			path = Health;
			sourceTree = "<group>";
		};
		F4631879FC83D996C2768D41 /* Calendar */ = {
			isa = PBXGroup;
			children = (
				7472CC1730F9A0F806EABBB4 /* CalendarDataProvider.swift */,
				75BD223A2DD8D357BDBA7F54 /* CalendarModels.swift */,
				67A6E494EFD12F06C3C783F1 /* CalendarPluginView.swift */,
				A7404F328903542EFA75AD70 /* CalendarService.swift */,
				87648D721BF30026B9914553 /* CalendarViewModel.swift */,
			);
			path = Calendar;
			sourceTree = "<group>";
		};
		FD31D952B0D9432F365D2109 /* MoodJournal */ = {
			isa = PBXGroup;
			children = (
				CD1BEF2D304A966AD1DB4E90 /* MoodJournalAnalyticsView.swift */,
				F014532D0D4E1436B23ECB17 /* MoodJournalDashboardView.swift */,
				EE23B64A4B5F17A16706D85E /* MoodJournalDataProvider.swift */,
				B1CC71D3AB52758AAD419B1A /* MoodJournalEntrySheet.swift */,
				959C9B0F5AA70C10D4D8A363 /* MoodJournalHistoryView.swift */,
				B1DE76276F3B43F6AFC69D20 /* MoodJournalModels.swift */,
				81D3F7C68E9D35452E29DAA8 /* MoodJournalRegistration.swift */,
				7D99CBD4E1D69BFF756B8B94 /* MoodJournalView.swift */,
				6457AE15831AAAA69E717889 /* MoodJournalViewModel.swift */,
			);
			path = MoodJournal;
			sourceTree = "<group>";
		};
		FE7973D956540E47780D606D /* RyanHubWatch */ = {
			isa = PBXGroup;
			children = (
				015FC29C471BB9F1ADDE4B45 /* Assets.xcassets */,
				B16DCA2295106985F51F2AD4 /* ContentView.swift */,
				6CAD700B97BEAEA443CDDC9C /* Info.plist */,
				40AF5503D8AC6CA39325404E /* RyanHubWatch.entitlements */,
				6619F90A38EB2AE76AD6BF8B /* RyanHubWatchApp.swift */,
				343531AFD479A4518E9BDEE8 /* WatchAudioStreamer.swift */,
			);
			path = RyanHubWatch;
			sourceTree = "<group>";
		};
/* End PBXGroup section */

/* Begin PBXNativeTarget section */
		0748FE5F92B753BBF4FDC75A /* RyanHubUITests */ = {
			isa = PBXNativeTarget;
			buildConfigurationList = 697E58760067BA490B9C66DB /* Build configuration list for PBXNativeTarget "RyanHubUITests" */;
			buildPhases = (
				E1A8E6F7F9A2D07B81F41A42 /* Sources */,
			);
			buildRules = (
			);
			dependencies = (
				7051D990720FC8A73215B093 /* PBXTargetDependency */,
			);
			name = RyanHubUITests;
			packageProductDependencies = (
			);
			productName = RyanHubUITests;
			productReference = 544DEFE89CD15A88D94AFAA8 /* RyanHubUITests.xctest */;
			productType = "com.apple.product-type.bundle.ui-testing";
		};
		831AF517FB59A793FDC8C642 /* RyanHub */ = {
			isa = PBXNativeTarget;
			buildConfigurationList = 39F8A23B65841ADF1F0ADE33 /* Build configuration list for PBXNativeTarget "RyanHub" */;
			buildPhases = (
				30349F2EC2C465E16167BF34 /* Sources */,
				6BC2C8095DF3E2194F9B59F0 /* Resources */,
				BFB7D8A3CE46CE7BEAFFAAA2 /* Frameworks */,
			);
			buildRules = (
			);
			dependencies = (
			);
			name = RyanHub;
			packageProductDependencies = (
				05EF287CF861CA9F565EEEFD /* SwiftTerm */,
				5B169081B2ADA1F2222DCEC3 /* NIOSSH */,
			);
			productName = RyanHub;
			productReference = 5FC6F16E27429DFEA760C170 /* RyanHub.app */;
			productType = "com.apple.product-type.application";
		};
		E56D03F648E99D985E6C2A31 /* RyanHubWatch */ = {
			isa = PBXNativeTarget;
			buildConfigurationList = F1712FA26086CE42DD243EF9 /* Build configuration list for PBXNativeTarget "RyanHubWatch" */;
			buildPhases = (
				DAACC265523E346C2B8D258C /* Sources */,
				1532963E73488E10963F95AE /* Resources */,
				04E3AE1B5F3CBF6BA76A3E8F /* Frameworks */,
			);
			buildRules = (
			);
			dependencies = (
			);
			name = RyanHubWatch;
			packageProductDependencies = (
			);
			productName = RyanHubWatch;
			productReference = F9BA57189042FC27A8A1719A /* RyanHubWatch.app */;
			productType = "com.apple.product-type.application";
		};
/* End PBXNativeTarget section */

/* Begin PBXProject section */
		752FE972FFC3AE333778E61F /* Project object */ = {
			isa = PBXProject;
			attributes = {
				BuildIndependentTargetsInParallel = YES;
				LastUpgradeCheck = 1600;
				TargetAttributes = {
					0748FE5F92B753BBF4FDC75A = {
						DevelopmentTeam = WRR5PDXKX3;
						ProvisioningStyle = Automatic;
						TestTargetID = 831AF517FB59A793FDC8C642;
					};
					831AF517FB59A793FDC8C642 = {
						DevelopmentTeam = WRR5PDXKX3;
						ProvisioningStyle = Automatic;
					};
					E56D03F648E99D985E6C2A31 = {
						DevelopmentTeam = WRR5PDXKX3;
						ProvisioningStyle = Automatic;
					};
				};
			};
			buildConfigurationList = A0C84ABAB1DE1AF4BFF658F9 /* Build configuration list for PBXProject "RyanHub" */;
			compatibilityVersion = "Xcode 14.0";
			developmentRegion = en;
			hasScannedForEncodings = 0;
			knownRegions = (
				Base,
				en,
				"zh-Hans",
			);
			mainGroup = D44A34788177DA1563EA6932;
			minimizedProjectReferenceProxies = 1;
			packageReferences = (
				EACE64B3E3B5C1CC7C299A54 /* XCRemoteSwiftPackageReference "SwiftTerm" */,
				508A5875AEFC89F96B4C8371 /* XCRemoteSwiftPackageReference "swift-nio-ssh" */,
			);
			preferredProjectObjectVersion = 77;
			projectDirPath = "";
			projectRoot = "";
			targets = (
				831AF517FB59A793FDC8C642 /* RyanHub */,
				0748FE5F92B753BBF4FDC75A /* RyanHubUITests */,
				E56D03F648E99D985E6C2A31 /* RyanHubWatch */,
			);
		};
/* End PBXProject section */

/* Begin PBXResourcesBuildPhase section */
		1532963E73488E10963F95AE /* Resources */ = {
			isa = PBXResourcesBuildPhase;
			buildActionMask = 2147483647;
			files = (
				80FE51EF4AE4ECD256426F9E /* Assets.xcassets in Resources */,
			);
			runOnlyForDeploymentPostprocessing = 0;
		};
		6BC2C8095DF3E2194F9B59F0 /* Resources */ = {
			isa = PBXResourcesBuildPhase;
			buildActionMask = 2147483647;
			files = (
				BA8C6A0DFCBCF4F103F76329 /* Assets.xcassets in Resources */,
				F44DF37E2E4D1C5BD5A73F73 /* Localizable.strings in Resources */,
			);
			runOnlyForDeploymentPostprocessing = 0;
		};
/* End PBXResourcesBuildPhase section */

/* Begin PBXSourcesBuildPhase section */
		30349F2EC2C465E16167BF34 /* Sources */ = {
			isa = PBXSourcesBuildPhase;
			buildActionMask = 2147483647;
			files = (
				10CF7B83FD089B1778C6637C /* APIClient.swift in Sources */,
				EFA4E510EB23E1D04D758FD1 /* AccessibilityID.swift in Sources */,
				92BBAE3CC8E7627980533EF9 /* AppState.swift in Sources */,
				008880036391E1E208A2E09D /* AudioPlayerView.swift in Sources */,
				E88867AC68FF45A6A6A139D4 /* AudioPlayerViewModel.swift in Sources */,
				2F12B1E3D1F5BAB4E37AC793 /* AudioService.swift in Sources */,
				BA5E9DBEC50AEB69338AE61B /* AudioStreamSensor.swift in Sources */,
				D91D52956D58B3696D41FEFB /* BatterySensor.swift in Sources */,
				FDEDEB3A4213E03315353DC0 /* BluetoothSensor.swift in Sources */,
				6681317081E3682162B077D4 /* BoAvatar.swift in Sources */,
				AC7FE87050DFD60168C3629C /* BoboDataProvider.swift in Sources */,
				85F41B9342763DBF9500FEBD /* BoboDataStore.swift in Sources */,
				3863910D12EFCFE24D9A5A72 /* BoboSyncService.swift in Sources */,
				6ED2A4ECD3FB8023B9F98337 /* BoboView.swift in Sources */,
				DA60F079DE2FE8E0171166C4 /* BoboViewModel.swift in Sources */,
				13FACF85A9E387D573951F01 /* BookFactoryAPI.swift in Sources */,
				5A0AF4334635D100551DDBBE /* BookFactoryDataProvider.swift in Sources */,
				DDD1EBBC0D0A37DE88DA44AB /* BookFactorySettingsView.swift in Sources */,
				7E4C051C9B7868EDDA5AE93B /* BookFactoryView.swift in Sources */,
				16EA1F0B26A11A5DF9C5E201 /* BookFactoryViewModel.swift in Sources */,
				0B787EC451FE3AEB6F3466D8 /* BookLibraryView.swift in Sources */,
				9363474FAEDFEE1D454B322E /* BookModels.swift in Sources */,
				01051157E5469A989BA77432 /* BookReaderView.swift in Sources */,
				2B23A45EAEAEEDCF51246BA4 /* CalendarDataProvider.swift in Sources */,
				CEE8C73789C4BC2D2E2AB9B2 /* CalendarHeatmap.swift in Sources */,
				77288B93E50EBEE415E95007 /* CalendarModels.swift in Sources */,
				BD100B6110735DA563B36EF1 /* CalendarPluginView.swift in Sources */,
				470671EB95D8728E7B02B91F /* CalendarService.swift in Sources */,
				5FD7730168DF713A1D55546E /* CalendarViewModel.swift in Sources */,
				4C189448A9A367659F13A871 /* CallSensor.swift in Sources */,
				A40E6627B20377EDD61A4772 /* CameraView.swift in Sources */,
				E9544173000F3EA84613FAF2 /* ChatInputBar.swift in Sources */,
				E6B383A34C266240B795CAC3 /* ChatMessage.swift in Sources */,
				B3CB4EA04A8ED2E6B0F445EE /* ChatView.swift in Sources */,
				B3DA11875470725BE119C406 /* ChatViewModel.swift in Sources */,
				5EE4ED675A17DC7AC6D9BD92 /* ContentView.swift in Sources */,
				3073F84628D8C5AA6D2A4F30 /* DailySummaryView.swift in Sources */,
				987F8A1F132F7E412EEDE3AA /* DynamicModuleBootstrap.swift in Sources */,
				81C7F3FF8724C5BFCC87C458 /* DynamicModuleRegistry.swift in Sources */,
				4EAACE2A50A15EC7B1858027 /* ExpenseTrackerAnalyticsView.swift in Sources */,
				EE5CAB7CCA119F4AA757EFC0 /* ExpenseTrackerDashboardView.swift in Sources */,
				49CE9DA00EF5586E0D62E3D1 /* ExpenseTrackerDataProvider.swift in Sources */,
				F3B8AD781184D0FC53CC890B /* ExpenseTrackerEntrySheet.swift in Sources */,
				6491ED8C7213D82B5FE1B4AA /* ExpenseTrackerHistoryView.swift in Sources */,
				BDE1665508A5EDD8389678AD /* ExpenseTrackerModels.swift in Sources */,
				642566A7FCC26D314F64655C /* ExpenseTrackerRegistration.swift in Sources */,
				C06E068945F5F0F75EC3D1D2 /* ExpenseTrackerView.swift in Sources */,
				CE72879730A717D25B139FA7 /* ExpenseTrackerViewModel.swift in Sources */,
				38F5CB5339702AC59E0870D6 /* FSRSEngine.swift in Sources */,
				BA8D417172B67DF5CFA7834D /* FacaiAvatar.swift in Sources */,
				D4F06F087FFFDCB4F7D43260 /* FluentDataProvider.swift in Sources */,
				C8820059845B61126DFFF9BC /* FluentModels.swift in Sources */,
				F336238395BFA892A3ACD299 /* FluentReviewView.swift in Sources */,
				06F99EFD1F4C8539594EEAC1 /* FluentSeedData.swift in Sources */,
				3EDBD73EDECB8C6B20874C04 /* FluentSettingsView.swift in Sources */,
				1B7F833C1C817EED819CB44E /* FluentStore.swift in Sources */,
				157A8FEB3C1044B4A8D2C45A /* FluentView.swift in Sources */,
				6AF4F264C091E20D414F281D /* FluentViewModel.swift in Sources */,
				E8C577056653D2EF8F96A30D /* FluentVocabularyDetailView.swift in Sources */,
				19A40196DB4A648973051BD3 /* FluentVocabularyView.swift in Sources */,
				5E9E114C645A3B1312CD6EE5 /* FoodAnalysisService.swift in Sources */,
				7A3B8C1BD49A7E4B52E43565 /* HealthDataProvider.swift in Sources */,
				87CD4523F1720206F91E3EE8 /* HealthModels.swift in Sources */,
				591398AB09C6BA271793E0B1 /* HealthSensor.swift in Sources */,
				9F010855B1B3ECEA2AFEE416 /* HealthView.swift in Sources */,
				C5DBB468111E8AACD01EE10B /* HealthViewModel.swift in Sources */,
				0CB7141E7BEC7A048AEE955E /* HubButton.swift in Sources */,
				6EC8F25FB74E5F42BB6FB7FD /* HubCard.swift in Sources */,
				A440D502E05A68D109AF8BC9 /* HubTextField.swift in Sources */,
				0A846F8C053C6E79AE27794B /* HydrationTrackerAnalyticsView.swift in Sources */,
				2C1574E75E7137D07A26E65C /* HydrationTrackerDashboardView.swift in Sources */,
				E25740A8FD7B2F4D8C9FA154 /* HydrationTrackerDataProvider.swift in Sources */,
				027BB4546D88E95559E54361 /* HydrationTrackerEntrySheet.swift in Sources */,
				86B6CB0767B60D129B52FB08 /* HydrationTrackerHistoryView.swift in Sources */,
				9B29E9DB360C46079347F14F /* HydrationTrackerModels.swift in Sources */,
				D4804D9D813EA5CBFF017A5B /* HydrationTrackerRegistration.swift in Sources */,
				A3288EDE57F45ED0AE34DC8F /* HydrationTrackerView.swift in Sources */,
				23706A5019019C0BE0E3E2D1 /* HydrationTrackerViewModel.swift in Sources */,
				E8AD02FB3970CA2DBEB7449E /* InsightCard.swift in Sources */,
				E08BA7D6AB8FEA99B9E8CF5D /* LocalizationManager.swift in Sources */,
				885298EF108B3F4524C24DBA /* LocationSensor.swift in Sources */,
				C8292341348434E9B722D7F2 /* MessageBubble.swift in Sources */,
				086B8E3A17F05ECE1E5F2C70 /* MiniPlayerView.swift in Sources */,
				481C6A8E608B55D661C90E78 /* ModuleChartView.swift in Sources */,
				119E211E0CF2B936A89F8A45 /* MoodJournalAnalyticsView.swift in Sources */,
				A0B382F74C5E1DDBE5B6CF90 /* MoodJournalDashboardView.swift in Sources */,
				77D9DE2AD930C9B3C86CC4B6 /* MoodJournalDataProvider.swift in Sources */,
				E0C2A1CBFBF6FE603A49D3B0 /* MoodJournalEntrySheet.swift in Sources */,
				A2095E12C715C6D6CA0C5B5E /* MoodJournalHistoryView.swift in Sources */,
				EF6C5F683B6326CD4274F78A /* MoodJournalModels.swift in Sources */,
				0A73B12C65A869A49359CBF8 /* MoodJournalRegistration.swift in Sources */,
				310D3AC1B9B8CF5856A438F8 /* MoodJournalView.swift in Sources */,
				29BCD5455ECF6F5AD3F865C4 /* MoodJournalViewModel.swift in Sources */,
				FF09CB703DE91B7A7ABCD7B0 /* MotionSensor.swift in Sources */,
				17CCD4D77A55B962BFFCE044 /* Narration.swift in Sources */,
				50E5E5D05DE1474B47B12F94 /* NarrationRecordButton.swift in Sources */,
				990DCC48DBBAAC7D99FE697E /* NotificationManager.swift in Sources */,
				45495A43C227B1F69B58AF3E /* Nudge.swift in Sources */,
				40C6530DBEB36CA6844D3A87 /* ParkingDataProvider.swift in Sources */,
				8C7237A5CFAEB6F34BB85EE9 /* ParkingModels.swift in Sources */,
				194ECBCB064E544FE7C478F7 /* ParkingView.swift in Sources */,
				558DE9429893FB50073C6AE7 /* ParkingViewModel.swift in Sources */,
				98117DDA29248965C0C524EC /* PersonalContext.swift in Sources */,
				9C8BE518FE72BA5BF22578C8 /* PhotoLibrarySensor.swift in Sources */,
				BE1CAEA7FA6BE10375BA9A1D /* ProgressRingView.swift in Sources */,
				F8D8E97DE66120A10A1D9EE1 /* QueueManagerView.swift in Sources */,
				4D96295338EAC5B7FD4610A7 /* QueueViewModel.swift in Sources */,
				B0D17474723879F1CB8BF49A /* QuickEntrySheet.swift in Sources */,
				98B81A155F9E70956CDA31BA /* RyanHubApp.swift in Sources */,
				A67D87D9ECA15A068F404093 /* SSHConnection.swift in Sources */,
				55ADF84A368DBE5874291137 /* ScreenSensor.swift in Sources */,
				F69C522701B2FFBE3A78C36A /* SectionHeader.swift in Sources */,
				CAEA0EB2B4B7BD23D8C7312A /* SensingEngine.swift in Sources */,
				AC926C15910B628851A926E3 /* SensingEvent.swift in Sources */,
				B6989682EC1AC53E552E4517 /* SettingsView.swift in Sources */,
				4E03D04048BEB3D5621E4279 /* SettingsViewModel.swift in Sources */,
				23BE073A7C4A688C55EBC718 /* StatCard.swift in Sources */,
				1277A218CA6C0749FD0E985E /* StreakCounter.swift in Sources */,
				6073B03F55243B3E6E723E00 /* SwiftTermView.swift in Sources */,
				EEABA9A1DDBF6F9612295792 /* TerminalView.swift in Sources */,
				E8118E935475B47A7822A814 /* TerminalViewModel.swift in Sources */,
				26463C7B7CDCD1B15AD42709 /* Theme.swift in Sources */,
				11F1AD12F9FF55F9A76FE437 /* TimelineEventRow.swift in Sources */,
				491F7CF1946ED389B6D04300 /* ToolkitDataProvider.swift in Sources */,
				E7E291D4BE573049A202E9BA /* ToolkitHomeView.swift in Sources */,
				CACAAC73720212D53EBB98DA /* TypingIndicator.swift in Sources */,
				F1698707251EEDC8F9FAD821 /* WatchSessionManager.swift in Sources */,
				49AD5A6F55F40F7861A6AA18 /* WebSocketClient.swift in Sources */,
				D4A8A7E86F34F94DF6F28D2E /* WeightLogView.swift in Sources */,
				504E97D62446343F63968AA7 /* WeightTimelineChart.swift in Sources */,
				E811483B78FC96273A01D8C1 /* WiFiSensor.swift in Sources */,
			);
			runOnlyForDeploymentPostprocessing = 0;
		};
		DAACC265523E346C2B8D258C /* Sources */ = {
			isa = PBXSourcesBuildPhase;
			buildActionMask = 2147483647;
			files = (
				74AA9FFE63978B05D1F336DD /* ContentView.swift in Sources */,
				6C72111845C3525692AD3333 /* RyanHubWatchApp.swift in Sources */,
				0725695D8FB1DB40A7F0B666 /* WatchAudioStreamer.swift in Sources */,
			);
			runOnlyForDeploymentPostprocessing = 0;
		};
		E1A8E6F7F9A2D07B81F41A42 /* Sources */ = {
			isa = PBXSourcesBuildPhase;
			buildActionMask = 2147483647;
			files = (
				8353967BAD6B00B6286171FC /* AgenticExplorer.swift in Sources */,
				7DC72C2B550DD2CC30DE5D75 /* BookFactoryTests.swift in Sources */,
				5DF447B30CF7C0C0A2C305C6 /* CalendarTests.swift in Sources */,
				23A7028770DC5CFB2E22DBA1 /* ChatTests.swift in Sources */,
				42EDE13EB53D476C3A41B114 /* CrossModuleTests.swift in Sources */,
				6B2600B89F4EF677CFB5C70E /* FluentTests.swift in Sources */,
				BC1701F119FFEAD1DCD870DD /* HealthTests.swift in Sources */,
				114301E8E8648B02BE539F2F /* ParkingTests.swift in Sources */,
				31A862D3FD2956CDE06E596C /* RyanHubUITestBase.swift in Sources */,
				BC80C5A3BEE79FA4040EA59E /* SettingsTests.swift in Sources */,
				B5C925AB99A9F237B1002FDF /* TabNavigationTests.swift in Sources */,
				89E13509E7778599B77DA12A /* TerminalTests.swift in Sources */,
				AB3C20EDEFED295D54AD7F52 /* ToolkitTests.swift in Sources */,
			);
			runOnlyForDeploymentPostprocessing = 0;
		};
/* End PBXSourcesBuildPhase section */

/* Begin PBXTargetDependency section */
		7051D990720FC8A73215B093 /* PBXTargetDependency */ = {
			isa = PBXTargetDependency;
			target = 831AF517FB59A793FDC8C642 /* RyanHub */;
			targetProxy = BD17C18DB3D8A71DF084BF6A /* PBXContainerItemProxy */;
		};
/* End PBXTargetDependency section */

/* Begin PBXVariantGroup section */
		335BA591A35FB41B6FD8EEC1 /* Localizable.strings */ = {
			isa = PBXVariantGroup;
			children = (
				97C55DB0A38557D415DF779F /* en */,
				AE159CAB3E17CFF110C6A594 /* zh-Hans */,
			);
			name = Localizable.strings;
			sourceTree = "<group>";
		};
/* End PBXVariantGroup section */

/* Begin XCBuildConfiguration section */
		319EE459FE13750080A3FD72 /* Release */ = {
			isa = XCBuildConfiguration;
			buildSettings = {
				ALWAYS_SEARCH_USER_PATHS = NO;
				CLANG_ANALYZER_NONNULL = YES;
				CLANG_ANALYZER_NUMBER_OBJECT_CONVERSION = YES_AGGRESSIVE;
				CLANG_CXX_LANGUAGE_STANDARD = "gnu++14";
				CLANG_CXX_LIBRARY = "libc++";
				CLANG_ENABLE_MODULES = YES;
				CLANG_ENABLE_OBJC_ARC = YES;
				CLANG_ENABLE_OBJC_WEAK = YES;
				CLANG_WARN_BLOCK_CAPTURE_AUTORELEASING = YES;
				CLANG_WARN_BOOL_CONVERSION = YES;
				CLANG_WARN_COMMA = YES;
				CLANG_WARN_CONSTANT_CONVERSION = YES;
				CLANG_WARN_DEPRECATED_OBJC_IMPLEMENTATIONS = YES;
				CLANG_WARN_DIRECT_OBJC_ISA_USAGE = YES_ERROR;
				CLANG_WARN_DOCUMENTATION_COMMENTS = YES;
				CLANG_WARN_EMPTY_BODY = YES;
				CLANG_WARN_ENUM_CONVERSION = YES;
				CLANG_WARN_INFINITE_RECURSION = YES;
				CLANG_WARN_INT_CONVERSION = YES;
				CLANG_WARN_NON_LITERAL_NULL_CONVERSION = YES;
				CLANG_WARN_OBJC_IMPLICIT_RETAIN_SELF = YES;
				CLANG_WARN_OBJC_LITERAL_CONVERSION = YES;
				CLANG_WARN_OBJC_ROOT_CLASS = YES_ERROR;
				CLANG_WARN_QUOTED_INCLUDE_IN_FRAMEWORK_HEADER = YES;
				CLANG_WARN_RANGE_LOOP_ANALYSIS = YES;
				CLANG_WARN_STRICT_PROTOTYPES = YES;
				CLANG_WARN_SUSPICIOUS_MOVE = YES;
				CLANG_WARN_UNGUARDED_AVAILABILITY = YES_AGGRESSIVE;
				CLANG_WARN_UNREACHABLE_CODE = YES;
				CLANG_WARN__DUPLICATE_METHOD_MATCH = YES;
				CODE_SIGN_IDENTITY = "Apple Development";
				CODE_SIGN_STYLE = Automatic;
				COPY_PHASE_STRIP = NO;
				CURRENT_PROJECT_VERSION = 1;
				DEBUG_INFORMATION_FORMAT = "dwarf-with-dsym";
				DEVELOPMENT_TEAM = WRR5PDXKX3;
				ENABLE_NS_ASSERTIONS = NO;
				ENABLE_STRICT_OBJC_MSGSEND = YES;
				GCC_C_LANGUAGE_STANDARD = gnu11;
				GCC_NO_COMMON_BLOCKS = YES;
				GCC_WARN_64_TO_32_BIT_CONVERSION = YES;
				GCC_WARN_ABOUT_RETURN_TYPE = YES_ERROR;
				GCC_WARN_UNDECLARED_SELECTOR = YES;
				GCC_WARN_UNINITIALIZED_AUTOS = YES_AGGRESSIVE;
				GCC_WARN_UNUSED_FUNCTION = YES;
				GCC_WARN_UNUSED_VARIABLE = YES;
				INFOPLIST_KEY_CFBundleDisplayName = "Ryan Hub";
				IPHONEOS_DEPLOYMENT_TARGET = 17.0;
				MARKETING_VERSION = 1.0.0;
				MTL_ENABLE_DEBUG_INFO = NO;
				MTL_FAST_MATH = YES;
				PRODUCT_NAME = "$(TARGET_NAME)";
				SWIFT_COMPILATION_MODE = wholemodule;
				SWIFT_OPTIMIZATION_LEVEL = "-O";
				SWIFT_VERSION = 5.9;
			};
			name = Release;
		};
		35BC97F0954C27B6562B7943 /* Debug */ = {
			isa = XCBuildConfiguration;
			buildSettings = {
				ASSETCATALOG_COMPILER_APPICON_NAME = AppIcon;
				CODE_SIGN_ENTITLEMENTS = RyanHubWatch/RyanHubWatch.entitlements;
				INFOPLIST_FILE = RyanHubWatch/Info.plist;
				PRODUCT_BUNDLE_IDENTIFIER = com.zwang.ryanhub.RyanHub.watchapp;
				SDKROOT = watchos;
				SKIP_INSTALL = YES;
				TARGETED_DEVICE_FAMILY = 4;
				WATCHOS_DEPLOYMENT_TARGET = 10.0;
			};
			name = Debug;
		};
		4ABDF9617580765052339760 /* Release */ = {
			isa = XCBuildConfiguration;
			buildSettings = {
				BUNDLE_LOADER = "$(TEST_HOST)";
				CODE_SIGNING_ALLOWED = NO;
				CODE_SIGNING_REQUIRED = NO;
				CODE_SIGN_IDENTITY = "";
				LD_RUNPATH_SEARCH_PATHS = (
					"$(inherited)",
					"@executable_path/Frameworks",
					"@loader_path/Frameworks",
				);
				PRODUCT_BUNDLE_IDENTIFIER = com.zwang.ryanhub.RyanHubUITests;
				SDKROOT = iphoneos;
				TARGETED_DEVICE_FAMILY = "1,2";
				TEST_TARGET_NAME = RyanHub;
			};
			name = Release;
		};
		6023EE13D24018BB29E4CEE5 /* Release */ = {
			isa = XCBuildConfiguration;
			buildSettings = {
				ASSETCATALOG_COMPILER_APPICON_NAME = AppIcon;
				CODE_SIGN_ENTITLEMENTS = RyanHubWatch/RyanHubWatch.entitlements;
				INFOPLIST_FILE = RyanHubWatch/Info.plist;
				PRODUCT_BUNDLE_IDENTIFIER = com.zwang.ryanhub.RyanHub.watchapp;
				SDKROOT = watchos;
				SKIP_INSTALL = YES;
				TARGETED_DEVICE_FAMILY = 4;
				WATCHOS_DEPLOYMENT_TARGET = 10.0;
			};
			name = Release;
		};
		8E124CC9AA8600772660D168 /* Debug */ = {
			isa = XCBuildConfiguration;
			buildSettings = {
				ASSETCATALOG_COMPILER_APPICON_NAME = AppIcon;
				CODE_SIGN_ENTITLEMENTS = RyanHub/RyanHub.entitlements;
				CODE_SIGN_IDENTITY = "iPhone Developer";
				INFOPLIST_FILE = RyanHub/Info.plist;
				LD_RUNPATH_SEARCH_PATHS = (
					"$(inherited)",
					"@executable_path/Frameworks",
				);
				PRODUCT_BUNDLE_IDENTIFIER = com.zwang.ryanhub.RyanHub;
				SDKROOT = iphoneos;
				TARGETED_DEVICE_FAMILY = "1,2";
			};
			name = Debug;
		};
		A135882304116BB241846D2F /* Release */ = {
			isa = XCBuildConfiguration;
			buildSettings = {
				ASSETCATALOG_COMPILER_APPICON_NAME = AppIcon;
				CODE_SIGN_ENTITLEMENTS = RyanHub/RyanHub.entitlements;
				CODE_SIGN_IDENTITY = "iPhone Developer";
				INFOPLIST_FILE = RyanHub/Info.plist;
				LD_RUNPATH_SEARCH_PATHS = (
					"$(inherited)",
					"@executable_path/Frameworks",
				);
				PRODUCT_BUNDLE_IDENTIFIER = com.zwang.ryanhub.RyanHub;
				SDKROOT = iphoneos;
				TARGETED_DEVICE_FAMILY = "1,2";
			};
			name = Release;
		};
		A45007DA8B6329C5AEA4A1F2 /* Debug */ = {
			isa = XCBuildConfiguration;
			buildSettings = {
				ALWAYS_SEARCH_USER_PATHS = NO;
				CLANG_ANALYZER_NONNULL = YES;
				CLANG_ANALYZER_NUMBER_OBJECT_CONVERSION = YES_AGGRESSIVE;
				CLANG_CXX_LANGUAGE_STANDARD = "gnu++14";
				CLANG_CXX_LIBRARY = "libc++";
				CLANG_ENABLE_MODULES = YES;
				CLANG_ENABLE_OBJC_ARC = YES;
				CLANG_ENABLE_OBJC_WEAK = YES;
				CLANG_WARN_BLOCK_CAPTURE_AUTORELEASING = YES;
				CLANG_WARN_BOOL_CONVERSION = YES;
				CLANG_WARN_COMMA = YES;
				CLANG_WARN_CONSTANT_CONVERSION = YES;
				CLANG_WARN_DEPRECATED_OBJC_IMPLEMENTATIONS = YES;
				CLANG_WARN_DIRECT_OBJC_ISA_USAGE = YES_ERROR;
				CLANG_WARN_DOCUMENTATION_COMMENTS = YES;
				CLANG_WARN_EMPTY_BODY = YES;
				CLANG_WARN_ENUM_CONVERSION = YES;
				CLANG_WARN_INFINITE_RECURSION = YES;
				CLANG_WARN_INT_CONVERSION = YES;
				CLANG_WARN_NON_LITERAL_NULL_CONVERSION = YES;
				CLANG_WARN_OBJC_IMPLICIT_RETAIN_SELF = YES;
				CLANG_WARN_OBJC_LITERAL_CONVERSION = YES;
				CLANG_WARN_OBJC_ROOT_CLASS = YES_ERROR;
				CLANG_WARN_QUOTED_INCLUDE_IN_FRAMEWORK_HEADER = YES;
				CLANG_WARN_RANGE_LOOP_ANALYSIS = YES;
				CLANG_WARN_STRICT_PROTOTYPES = YES;
				CLANG_WARN_SUSPICIOUS_MOVE = YES;
				CLANG_WARN_UNGUARDED_AVAILABILITY = YES_AGGRESSIVE;
				CLANG_WARN_UNREACHABLE_CODE = YES;
				CLANG_WARN__DUPLICATE_METHOD_MATCH = YES;
				CODE_SIGN_IDENTITY = "Apple Development";
				CODE_SIGN_STYLE = Automatic;
				COPY_PHASE_STRIP = NO;
				CURRENT_PROJECT_VERSION = 1;
				DEBUG_INFORMATION_FORMAT = dwarf;
				DEVELOPMENT_TEAM = WRR5PDXKX3;
				ENABLE_STRICT_OBJC_MSGSEND = YES;
				ENABLE_TESTABILITY = YES;
				GCC_C_LANGUAGE_STANDARD = gnu11;
				GCC_DYNAMIC_NO_PIC = NO;
				GCC_NO_COMMON_BLOCKS = YES;
				GCC_OPTIMIZATION_LEVEL = 0;
				GCC_PREPROCESSOR_DEFINITIONS = (
					"$(inherited)",
					"DEBUG=1",
				);
				GCC_WARN_64_TO_32_BIT_CONVERSION = YES;
				GCC_WARN_ABOUT_RETURN_TYPE = YES_ERROR;
				GCC_WARN_UNDECLARED_SELECTOR = YES;
				GCC_WARN_UNINITIALIZED_AUTOS = YES_AGGRESSIVE;
				GCC_WARN_UNUSED_FUNCTION = YES;
				GCC_WARN_UNUSED_VARIABLE = YES;
				INFOPLIST_KEY_CFBundleDisplayName = "Ryan Hub";
				IPHONEOS_DEPLOYMENT_TARGET = 17.0;
				MARKETING_VERSION = 1.0.0;
				MTL_ENABLE_DEBUG_INFO = INCLUDE_SOURCE;
				MTL_FAST_MATH = YES;
				ONLY_ACTIVE_ARCH = YES;
				PRODUCT_NAME = "$(TARGET_NAME)";
				SWIFT_ACTIVE_COMPILATION_CONDITIONS = DEBUG;
				SWIFT_OPTIMIZATION_LEVEL = "-Onone";
				SWIFT_VERSION = 5.9;
			};
			name = Debug;
		};
		BDC80CA544B242731D3572D8 /* Debug */ = {
			isa = XCBuildConfiguration;
			buildSettings = {
				BUNDLE_LOADER = "$(TEST_HOST)";
				CODE_SIGNING_ALLOWED = NO;
				CODE_SIGNING_REQUIRED = NO;
				CODE_SIGN_IDENTITY = "";
				LD_RUNPATH_SEARCH_PATHS = (
					"$(inherited)",
					"@executable_path/Frameworks",
					"@loader_path/Frameworks",
				);
				PRODUCT_BUNDLE_IDENTIFIER = com.zwang.ryanhub.RyanHubUITests;
				SDKROOT = iphoneos;
				TARGETED_DEVICE_FAMILY = "1,2";
				TEST_TARGET_NAME = RyanHub;
			};
			name = Debug;
		};
/* End XCBuildConfiguration section */

/* Begin XCConfigurationList section */
		39F8A23B65841ADF1F0ADE33 /* Build configuration list for PBXNativeTarget "RyanHub" */ = {
			isa = XCConfigurationList;
			buildConfigurations = (
				8E124CC9AA8600772660D168 /* Debug */,
				A135882304116BB241846D2F /* Release */,
			);
			defaultConfigurationIsVisible = 0;
			defaultConfigurationName = Debug;
		};
		697E58760067BA490B9C66DB /* Build configuration list for PBXNativeTarget "RyanHubUITests" */ = {
			isa = XCConfigurationList;
			buildConfigurations = (
				BDC80CA544B242731D3572D8 /* Debug */,
				4ABDF9617580765052339760 /* Release */,
			);
			defaultConfigurationIsVisible = 0;
			defaultConfigurationName = Debug;
		};
		A0C84ABAB1DE1AF4BFF658F9 /* Build configuration list for PBXProject "RyanHub" */ = {
			isa = XCConfigurationList;
			buildConfigurations = (
				A45007DA8B6329C5AEA4A1F2 /* Debug */,
				319EE459FE13750080A3FD72 /* Release */,
			);
			defaultConfigurationIsVisible = 0;
			defaultConfigurationName = Debug;
		};
		F1712FA26086CE42DD243EF9 /* Build configuration list for PBXNativeTarget "RyanHubWatch" */ = {
			isa = XCConfigurationList;
			buildConfigurations = (
				35BC97F0954C27B6562B7943 /* Debug */,
				6023EE13D24018BB29E4CEE5 /* Release */,
			);
			defaultConfigurationIsVisible = 0;
			defaultConfigurationName = Debug;
		};
/* End XCConfigurationList section */

/* Begin XCRemoteSwiftPackageReference section */
		508A5875AEFC89F96B4C8371 /* XCRemoteSwiftPackageReference "swift-nio-ssh" */ = {
			isa = XCRemoteSwiftPackageReference;
			repositoryURL = "https://github.com/apple/swift-nio-ssh.git";
			requirement = {
				kind = upToNextMajorVersion;
				minimumVersion = 0.9.0;
			};
		};
		EACE64B3E3B5C1CC7C299A54 /* XCRemoteSwiftPackageReference "SwiftTerm" */ = {
			isa = XCRemoteSwiftPackageReference;
			repositoryURL = "https://github.com/migueldeicaza/SwiftTerm.git";
			requirement = {
				kind = upToNextMajorVersion;
				minimumVersion = 1.11.2;
			};
		};
/* End XCRemoteSwiftPackageReference section */

/* Begin XCSwiftPackageProductDependency section */
		05EF287CF861CA9F565EEEFD /* SwiftTerm */ = {
			isa = XCSwiftPackageProductDependency;
			package = EACE64B3E3B5C1CC7C299A54 /* XCRemoteSwiftPackageReference "SwiftTerm" */;
			productName = SwiftTerm;
		};
		5B169081B2ADA1F2222DCEC3 /* NIOSSH */ = {
			isa = XCSwiftPackageProductDependency;
			package = 508A5875AEFC89F96B4C8371 /* XCRemoteSwiftPackageReference "swift-nio-ssh" */;
			productName = NIOSSH;
		};
/* End XCSwiftPackageProductDependency section */
	};
	rootObject = 752FE972FFC3AE333778E61F /* Project object */;
}
